// !$*UTF8*$!
{
	archiveVersion = 1;
	classes = {
	};
	objectVersion = 52;
	objects = {

/* Begin PBXBuildFile section */
		4799C2F4CFD3497A225FA29A /* Pods_Milkyway.framework in Frameworks */ = {isa = PBXBuildFile; fileRef = 2F3F5BD99D092D8D80FFA68F /* Pods_Milkyway.framework */; };
		6B27B99D25A6C5B900E14799 /* RectangleCVCell.swift in Sources */ = {isa = PBXBuildFile; fileRef = 6B27B99B25A6C5B900E14799 /* RectangleCVCell.swift */; };
		6B27B99E25A6C5B900E14799 /* RectangleCVCell.xib in Resources */ = {isa = PBXBuildFile; fileRef = 6B27B99C25A6C5B900E14799 /* RectangleCVCell.xib */; };
		6B27B9A425A7228C00E14799 /* CanceledTVCell.swift in Sources */ = {isa = PBXBuildFile; fileRef = 6B27B9A225A7228C00E14799 /* CanceledTVCell.swift */; };
		6B27B9A525A7228C00E14799 /* CanceledTVCell.xib in Resources */ = {isa = PBXBuildFile; fileRef = 6B27B9A325A7228C00E14799 /* CanceledTVCell.xib */; };
		6B27B9AA25A7240800E14799 /* InProgressTVCell.swift in Sources */ = {isa = PBXBuildFile; fileRef = 6B27B9A825A7240800E14799 /* InProgressTVCell.swift */; };
		6B27B9AB25A7240800E14799 /* InProgressTVCell.xib in Resources */ = {isa = PBXBuildFile; fileRef = 6B27B9A925A7240800E14799 /* InProgressTVCell.xib */; };
		6B4086D025AC2B4E00D6894E /* HomeService.swift in Sources */ = {isa = PBXBuildFile; fileRef = 6B4086CF25AC2B4E00D6894E /* HomeService.swift */; };
		6B4086D325AC33AD00D6894E /* GetMilkyHomeModel.swift in Sources */ = {isa = PBXBuildFile; fileRef = 6B4086D225AC33AD00D6894E /* GetMilkyHomeModel.swift */; };
		6B657FE325AD5B85002648A1 /* ModifyCafeService.swift in Sources */ = {isa = PBXBuildFile; fileRef = 6B657FE225AD5B85002648A1 /* ModifyCafeService.swift */; };
		6B657FE625AD5C15002648A1 /* PostModifyModel.swift in Sources */ = {isa = PBXBuildFile; fileRef = 6B657FE525AD5C15002648A1 /* PostModifyModel.swift */; };
		6B869C0225A0B95E0068BFD2 /* InfoModifyReqVC.swift in Sources */ = {isa = PBXBuildFile; fileRef = 6B869C0125A0B95E0068BFD2 /* InfoModifyReqVC.swift */; };
		6B869C0525A0B96D0068BFD2 /* InfoModifyReq.storyboard in Resources */ = {isa = PBXBuildFile; fileRef = 6B869C0425A0B96D0068BFD2 /* InfoModifyReq.storyboard */; };
		6B869C0825A0BF700068BFD2 /* Modify.storyboard in Resources */ = {isa = PBXBuildFile; fileRef = 6B869C0725A0BF700068BFD2 /* Modify.storyboard */; };
		6B869C0B25A0BF9C0068BFD2 /* ModifyVC.swift in Sources */ = {isa = PBXBuildFile; fileRef = 6B869C0A25A0BF9C0068BFD2 /* ModifyVC.swift */; };
		6B869C0E25A0CBF70068BFD2 /* ModifyConfirmVC.swift in Sources */ = {isa = PBXBuildFile; fileRef = 6B869C0D25A0CBF70068BFD2 /* ModifyConfirmVC.swift */; };
		6B869C1125A1CD140068BFD2 /* DeletePlace.storyboard in Resources */ = {isa = PBXBuildFile; fileRef = 6B869C1025A1CD140068BFD2 /* DeletePlace.storyboard */; };
		6B869C1425A1CD220068BFD2 /* DeletePlaceVC.swift in Sources */ = {isa = PBXBuildFile; fileRef = 6B869C1325A1CD210068BFD2 /* DeletePlaceVC.swift */; };
		6B869C4425A1E8E00068BFD2 /* DeletePlaceConfirmVC.swift in Sources */ = {isa = PBXBuildFile; fileRef = 6B869C4325A1E8E00068BFD2 /* DeletePlaceConfirmVC.swift */; };
		6B869C5025A2F9960068BFD2 /* CardVC.swift in Sources */ = {isa = PBXBuildFile; fileRef = 6B869C4E25A2F9960068BFD2 /* CardVC.swift */; };
		6B869C5125A2F9960068BFD2 /* CardVC.xib in Resources */ = {isa = PBXBuildFile; fileRef = 6B869C4F25A2F9960068BFD2 /* CardVC.xib */; };
		6B92F8E225AB82A50050EEEC /* CafeCardVC.swift in Sources */ = {isa = PBXBuildFile; fileRef = 6B92F8E025AB82A50050EEEC /* CafeCardVC.swift */; };
		6B92F8E325AB82A50050EEEC /* CafeCardVC.xib in Resources */ = {isa = PBXBuildFile; fileRef = 6B92F8E125AB82A50050EEEC /* CafeCardVC.xib */; };
		6B96A13625A9C809004E529D /* CancelReasonVC.swift in Sources */ = {isa = PBXBuildFile; fileRef = 6B96A13525A9C809004E529D /* CancelReasonVC.swift */; };
		6BD05A6B25A41FFE00B2643F /* CompletedTVCell.xib in Resources */ = {isa = PBXBuildFile; fileRef = 6BD05A6525A41FFE00B2643F /* CompletedTVCell.xib */; };
		6BD05A6C25A41FFE00B2643F /* TopTVCell.xib in Resources */ = {isa = PBXBuildFile; fileRef = 6BD05A6625A41FFE00B2643F /* TopTVCell.xib */; };
		6BD05A6D25A41FFE00B2643F /* CompletedTVCell.swift in Sources */ = {isa = PBXBuildFile; fileRef = 6BD05A6725A41FFE00B2643F /* CompletedTVCell.swift */; };
		6BD05A6E25A41FFE00B2643F /* TopTVCell.swift in Sources */ = {isa = PBXBuildFile; fileRef = 6BD05A6825A41FFE00B2643F /* TopTVCell.swift */; };
		6BF6DA6E25A57DF5001CDB9A /* CardState.swift in Sources */ = {isa = PBXBuildFile; fileRef = 6BF6DA6D25A57DF5001CDB9A /* CardState.swift */; };
		6BF6DAA225A603A7001CDB9A /* CustomLabel.swift in Sources */ = {isa = PBXBuildFile; fileRef = 6BF6DAA125A603A7001CDB9A /* CustomLabel.swift */; };
		6BF6DAA525A6084E001CDB9A /* paddingLabel.swift in Sources */ = {isa = PBXBuildFile; fileRef = 6BF6DAA425A6084E001CDB9A /* paddingLabel.swift */; };
		D10FD49925A77CB50060CD7D /* 밀키웨이_ios_스플레쉬.json in Resources */ = {isa = PBXBuildFile; fileRef = D10FD49825A77CB50060CD7D /* 밀키웨이_ios_스플레쉬.json */; };
		D11AB9CA25A5BC0600C1927E /* MenuPlusVC.swift in Sources */ = {isa = PBXBuildFile; fileRef = D11AB9C925A5BC0600C1927E /* MenuPlusVC.swift */; };
		D11AB9CD25A5BC0E00C1927E /* MenuPlus.storyboard in Resources */ = {isa = PBXBuildFile; fileRef = D11AB9CC25A5BC0E00C1927E /* MenuPlus.storyboard */; };
		D11ABA1625A62B9B00C1927E /* UILabel+Extension.swift in Sources */ = {isa = PBXBuildFile; fileRef = D11ABA1525A62B9B00C1927E /* UILabel+Extension.swift */; };
		D11ABA5025A64F3B00C1927E /* ToastView.swift in Sources */ = {isa = PBXBuildFile; fileRef = D11ABA4F25A64F3B00C1927E /* ToastView.swift */; };
		D11ABA5325A64F7D00C1927E /* ToastView.xib in Resources */ = {isa = PBXBuildFile; fileRef = D11ABA5225A64F7D00C1927E /* ToastView.xib */; };
		D15443F625A33ACF007773BF /* CafeNameSearchCell.swift in Sources */ = {isa = PBXBuildFile; fileRef = D15443F425A33ACF007773BF /* CafeNameSearchCell.swift */; };
		D15443F725A33ACF007773BF /* CafeNameSearchCell.xib in Resources */ = {isa = PBXBuildFile; fileRef = D15443F525A33ACF007773BF /* CafeNameSearchCell.xib */; };
		D15443FF25A33AF9007773BF /* CafeNameResultCell.swift in Sources */ = {isa = PBXBuildFile; fileRef = D15443FD25A33AF8007773BF /* CafeNameResultCell.swift */; };
		D154440025A33AF9007773BF /* CafeNameResultCell.xib in Resources */ = {isa = PBXBuildFile; fileRef = D15443FE25A33AF9007773BF /* CafeNameResultCell.xib */; };
		D154440425A33B05007773BF /* CafeMenusCell.swift in Sources */ = {isa = PBXBuildFile; fileRef = D154440225A33B05007773BF /* CafeMenusCell.swift */; };
		D154440525A33B05007773BF /* CafeMenusCell.xib in Resources */ = {isa = PBXBuildFile; fileRef = D154440325A33B05007773BF /* CafeMenusCell.xib */; };
		D154440925A33B10007773BF /* HoneyTipCell.swift in Sources */ = {isa = PBXBuildFile; fileRef = D154440725A33B10007773BF /* HoneyTipCell.swift */; };
		D154440A25A33B10007773BF /* HoneyTipCell.xib in Resources */ = {isa = PBXBuildFile; fileRef = D154440825A33B10007773BF /* HoneyTipCell.xib */; };
		D175DA5B25AAE5C600665678 /* UniverseBottomVC.swift in Sources */ = {isa = PBXBuildFile; fileRef = D175DA5925AAE5C600665678 /* UniverseBottomVC.swift */; };
		D175DA5C25AAE5C600665678 /* UniverseBottomVC.xib in Resources */ = {isa = PBXBuildFile; fileRef = D175DA5A25AAE5C600665678 /* UniverseBottomVC.xib */; };
		D175DA8025AB51C700665678 /* BottomTVC.swift in Sources */ = {isa = PBXBuildFile; fileRef = D175DA7E25AB51C600665678 /* BottomTVC.swift */; };
		D175DA8125AB51C700665678 /* BottomTVC.xib in Resources */ = {isa = PBXBuildFile; fileRef = D175DA7F25AB51C600665678 /* BottomTVC.xib */; };
		D175DA8D25AB863900665678 /* ReportCafeService.swift in Sources */ = {isa = PBXBuildFile; fileRef = D175DA8C25AB863900665678 /* ReportCafeService.swift */; };
		D175DA9925AC412200665678 /* UniversePopUpVC.swift in Sources */ = {isa = PBXBuildFile; fileRef = D175DA9825AC412200665678 /* UniversePopUpVC.swift */; };
		D175DA9C25AC4DCC00665678 /* UniversePopUp.storyboard in Resources */ = {isa = PBXBuildFile; fileRef = D175DA9B25AC4DCC00665678 /* UniversePopUp.storyboard */; };
		D175DABC25ACCD5400665678 /* UniverseService.swift in Sources */ = {isa = PBXBuildFile; fileRef = D175DABB25ACCD5400665678 /* UniverseService.swift */; };
		D1983CA725A72BF200C74CED /* UITextField+Extension.swift in Sources */ = {isa = PBXBuildFile; fileRef = D1983CA625A72BF200C74CED /* UITextField+Extension.swift */; };
		D1996E0425A2290500B8F40B /* DetailCafeMenuVC.swift in Sources */ = {isa = PBXBuildFile; fileRef = D1996E0325A2290500B8F40B /* DetailCafeMenuVC.swift */; };
		D1996E0725A2290E00B8F40B /* DetailCafeMenu.storyboard in Resources */ = {isa = PBXBuildFile; fileRef = D1996E0625A2290E00B8F40B /* DetailCafeMenu.storyboard */; };
		D1CA104825A9A70E004E42DC /* cafePopUpVC.swift in Sources */ = {isa = PBXBuildFile; fileRef = D1CA104725A9A70E004E42DC /* cafePopUpVC.swift */; };
		D1CA107725AA06E6004E42DC /* PostCafeModel.swift in Sources */ = {isa = PBXBuildFile; fileRef = D1CA107625AA06E6004E42DC /* PostCafeModel.swift */; };
		D1CA107A25AA06F1004E42DC /* GetDetailCafeModel.swift in Sources */ = {isa = PBXBuildFile; fileRef = D1CA107925AA06F1004E42DC /* GetDetailCafeModel.swift */; };
		D1CA107D25AA09DB004E42DC /* DetailCafeService.swift in Sources */ = {isa = PBXBuildFile; fileRef = D1CA107C25AA09DB004E42DC /* DetailCafeService.swift */; };
		D1D95DD325A30B9700B95F79 /* CafeBasicCell.swift in Sources */ = {isa = PBXBuildFile; fileRef = D1D95DD125A30B9700B95F79 /* CafeBasicCell.swift */; };
		D1D95DD425A30B9700B95F79 /* CafeBasicCell.xib in Resources */ = {isa = PBXBuildFile; fileRef = D1D95DD225A30B9700B95F79 /* CafeBasicCell.xib */; };
		D1D95DD825A30BA600B95F79 /* CafeHoneyCell.swift in Sources */ = {isa = PBXBuildFile; fileRef = D1D95DD625A30BA600B95F79 /* CafeHoneyCell.swift */; };
		D1D95DD925A30BA600B95F79 /* CafeHoneyCell.xib in Resources */ = {isa = PBXBuildFile; fileRef = D1D95DD725A30BA600B95F79 /* CafeHoneyCell.xib */; };
		D1D95DDD25A30BB100B95F79 /* CafeMenuCell.swift in Sources */ = {isa = PBXBuildFile; fileRef = D1D95DDB25A30BB100B95F79 /* CafeMenuCell.swift */; };
		D1D95DDE25A30BB100B95F79 /* CafeMenuCell.xib in Resources */ = {isa = PBXBuildFile; fileRef = D1D95DDC25A30BB100B95F79 /* CafeMenuCell.xib */; };
		D1F2283B259F70DA0018C472 /* ReportTabBarViewController.swift in Sources */ = {isa = PBXBuildFile; fileRef = D1F2283A259F70DA0018C472 /* ReportTabBarViewController.swift */; };
		D1F2283F259F70EE0018C472 /* ReportTabBar.storyboard in Resources */ = {isa = PBXBuildFile; fileRef = D1F2283E259F70EE0018C472 /* ReportTabBar.storyboard */; };
		D1F2284A259F745F0018C472 /* CafeReportMainVC.swift in Sources */ = {isa = PBXBuildFile; fileRef = D1F22849259F745F0018C472 /* CafeReportMainVC.swift */; };
		D1F2284D259F746D0018C472 /* CafeReportMain.storyboard in Resources */ = {isa = PBXBuildFile; fileRef = D1F2284C259F746D0018C472 /* CafeReportMain.storyboard */; };
		D1F22850259F74810018C472 /* MyReportMainVC.swift in Sources */ = {isa = PBXBuildFile; fileRef = D1F2284F259F74810018C472 /* MyReportMainVC.swift */; };
		D1F22853259F748C0018C472 /* MyReportMain.storyboard in Resources */ = {isa = PBXBuildFile; fileRef = D1F22852259F748C0018C472 /* MyReportMain.storyboard */; };
		D1F22861259F78C20018C472 /* SearchVC.swift in Sources */ = {isa = PBXBuildFile; fileRef = D1F22860259F78C20018C472 /* SearchVC.swift */; };
		D1F22865259F78C90018C472 /* Search.storyboard in Resources */ = {isa = PBXBuildFile; fileRef = D1F22864259F78C90018C472 /* Search.storyboard */; };
		F21384B625A1E8360016E766 /* SearchTVC.swift in Sources */ = {isa = PBXBuildFile; fileRef = F21384B425A1E8360016E766 /* SearchTVC.swift */; };
		F21384B725A1E8360016E766 /* SearchTVC.xib in Resources */ = {isa = PBXBuildFile; fileRef = F21384B525A1E8360016E766 /* SearchTVC.xib */; };
		F2138D5425AC4B2A00736CAA /* SettingTVCell.swift in Sources */ = {isa = PBXBuildFile; fileRef = F2138D5325AC4B2A00736CAA /* SettingTVCell.swift */; };
		F2142DF825A349EE00D07F3F /* SF-Pro-Text-Regular.otf in Resources */ = {isa = PBXBuildFile; fileRef = F2142DF725A349EE00D07F3F /* SF-Pro-Text-Regular.otf */; };
		F2142DFB25A349F600D07F3F /* SF-Pro-Text-Semibold.otf in Resources */ = {isa = PBXBuildFile; fileRef = F2142DFA25A349F600D07F3F /* SF-Pro-Text-Semibold.otf */; };
		F2142DFE25A349FF00D07F3F /* SF-Pro-Text-Bold.otf in Resources */ = {isa = PBXBuildFile; fileRef = F2142DFD25A349FF00D07F3F /* SF-Pro-Text-Bold.otf */; };
		F215A20625ACBD9B00FB7D86 /* NicknameChangeVC.swift in Sources */ = {isa = PBXBuildFile; fileRef = F215A20525ACBD9B00FB7D86 /* NicknameChangeVC.swift */; };
		F215A21525ACD77000FB7D86 /* SearchCafeService.swift in Sources */ = {isa = PBXBuildFile; fileRef = F215A21425ACD77000FB7D86 /* SearchCafeService.swift */; };
		F215A21825ACDA6E00FB7D86 /* String+Extensions.swift in Sources */ = {isa = PBXBuildFile; fileRef = F215A21725ACDA6E00FB7D86 /* String+Extensions.swift */; };
		F215A22525ACDC0400FB7D86 /* GetCafeInfoModel.swift in Sources */ = {isa = PBXBuildFile; fileRef = F215A22425ACDC0400FB7D86 /* GetCafeInfoModel.swift */; };
		F2242A1B259BAC8200455604 /* TabBarController.swift in Sources */ = {isa = PBXBuildFile; fileRef = F2242A1A259BAC8200455604 /* TabBarController.swift */; };
		F2242A20259BAD5400455604 /* TabBar.storyboard in Resources */ = {isa = PBXBuildFile; fileRef = F2242A1F259BAD5400455604 /* TabBar.storyboard */; };
		F2242A24259BAFFC00455604 /* HomeVC.swift in Sources */ = {isa = PBXBuildFile; fileRef = F2242A23259BAFFC00455604 /* HomeVC.swift */; };
		F2242A28259BB02100455604 /* Home.storyboard in Resources */ = {isa = PBXBuildFile; fileRef = F2242A27259BB02100455604 /* Home.storyboard */; };
		F2242A3B259BB2CF00455604 /* SettingVC.swift in Sources */ = {isa = PBXBuildFile; fileRef = F2242A3A259BB2CF00455604 /* SettingVC.swift */; };
		F2242A3E259BB2DF00455604 /* Setting.storyboard in Resources */ = {isa = PBXBuildFile; fileRef = F2242A3D259BB2DF00455604 /* Setting.storyboard */; };
		F2242A47259BC22F00455604 /* LoginVC.swift in Sources */ = {isa = PBXBuildFile; fileRef = F2242A46259BC22F00455604 /* LoginVC.swift */; };
		F2242A4A259BC23A00455604 /* Login.storyboard in Resources */ = {isa = PBXBuildFile; fileRef = F2242A49259BC23A00455604 /* Login.storyboard */; };
		F2242A54259C4A9B00455604 /* MyUniverseVC.swift in Sources */ = {isa = PBXBuildFile; fileRef = F2242A53259C4A9B00455604 /* MyUniverseVC.swift */; };
		F2242A57259C4AA600455604 /* MyUniverse.storyboard in Resources */ = {isa = PBXBuildFile; fileRef = F2242A56259C4AA600455604 /* MyUniverse.storyboard */; };
		F2242A63259C78FD00455604 /* LoginNaviController.swift in Sources */ = {isa = PBXBuildFile; fileRef = F2242A62259C78FD00455604 /* LoginNaviController.swift */; };
		F2242A69259CD2F600455604 /* FilterResultVC.swift in Sources */ = {isa = PBXBuildFile; fileRef = F2242A68259CD2F500455604 /* FilterResultVC.swift */; };
		F2242A6C259CD30400455604 /* FilterResult.storyboard in Resources */ = {isa = PBXBuildFile; fileRef = F2242A6B259CD30400455604 /* FilterResult.storyboard */; };
		F240771725A731EB008B691B /* SplashVC.swift in Sources */ = {isa = PBXBuildFile; fileRef = F240771625A731EB008B691B /* SplashVC.swift */; };
		F2478EE725AB00BB00091F1E /* ResultMapVC.swift in Sources */ = {isa = PBXBuildFile; fileRef = F2478EE625AB00BB00091F1E /* ResultMapVC.swift */; };
		F2485E7B25A8C8E0003E3895 /* Token.swift in Sources */ = {isa = PBXBuildFile; fileRef = F2485E7A25A8C8E0003E3895 /* Token.swift */; };
		F2485EA825A8E60A003E3895 /* UniverseCardVC.swift in Sources */ = {isa = PBXBuildFile; fileRef = F2485EA625A8E60A003E3895 /* UniverseCardVC.swift */; };
		F2485EA925A8E60A003E3895 /* UniverseCardVC.xib in Resources */ = {isa = PBXBuildFile; fileRef = F2485EA725A8E60A003E3895 /* UniverseCardVC.xib */; };
		F2688C2A25AB73FD0032C054 /* AddSearch.storyboard in Resources */ = {isa = PBXBuildFile; fileRef = F2688C2925AB73FD0032C054 /* AddSearch.storyboard */; };
		F2688C2D25AB748A0032C054 /* AddSearchVC.swift in Sources */ = {isa = PBXBuildFile; fileRef = F2688C2C25AB748A0032C054 /* AddSearchVC.swift */; };
		F2688C3025AB74C50032C054 /* AddSearchResultVC.swift in Sources */ = {isa = PBXBuildFile; fileRef = F2688C2F25AB74C50032C054 /* AddSearchResultVC.swift */; };
		F26BEB6425A63BB900B7AFCF /* AddSearchTVC.swift in Sources */ = {isa = PBXBuildFile; fileRef = F26BEB6225A63BB800B7AFCF /* AddSearchTVC.swift */; };
		F26BEB6525A63BB900B7AFCF /* AddSearchTVC.xib in Resources */ = {isa = PBXBuildFile; fileRef = F26BEB6325A63BB900B7AFCF /* AddSearchTVC.xib */; };
		F2BA62DE2598DE5F00A49020 /* AppDelegate.swift in Sources */ = {isa = PBXBuildFile; fileRef = F2BA62DD2598DE5F00A49020 /* AppDelegate.swift */; };
		F2BA62E02598DE5F00A49020 /* SceneDelegate.swift in Sources */ = {isa = PBXBuildFile; fileRef = F2BA62DF2598DE5F00A49020 /* SceneDelegate.swift */; };
		F2BA62E82598DE5F00A49020 /* Milkyway.xcdatamodeld in Sources */ = {isa = PBXBuildFile; fileRef = F2BA62E62598DE5F00A49020 /* Milkyway.xcdatamodeld */; };
		F2BA62EA2598DE6400A49020 /* Assets.xcassets in Resources */ = {isa = PBXBuildFile; fileRef = F2BA62E92598DE6400A49020 /* Assets.xcassets */; };
		F2BA62ED2598DE6400A49020 /* LaunchScreen.storyboard in Resources */ = {isa = PBXBuildFile; fileRef = F2BA62EB2598DE6400A49020 /* LaunchScreen.storyboard */; };
		F2BA62FE2598E31800A49020 /* Alamofire in Frameworks */ = {isa = PBXBuildFile; productRef = F2BA62FD2598E31800A49020 /* Alamofire */; };
		F2BA63022598E3A500A49020 /* Kingfisher in Frameworks */ = {isa = PBXBuildFile; productRef = F2BA63012598E3A500A49020 /* Kingfisher */; };
		F2BA63062598E42200A49020 /* SwiftyJSON in Frameworks */ = {isa = PBXBuildFile; productRef = F2BA63052598E42200A49020 /* SwiftyJSON */; };
		F2BA630A2598E4D400A49020 /* UIViewController+Extension.swift in Sources */ = {isa = PBXBuildFile; fileRef = F2BA63092598E4D400A49020 /* UIViewController+Extension.swift */; };
		F2BA630E2598E52600A49020 /* UITextView+Extension.swift in Sources */ = {isa = PBXBuildFile; fileRef = F2BA630D2598E52600A49020 /* UITextView+Extension.swift */; };
		F2BA63112598E55000A49020 /* UIButton+Extension.swift in Sources */ = {isa = PBXBuildFile; fileRef = F2BA63102598E55000A49020 /* UIButton+Extension.swift */; };
		F2BA63142598E56B00A49020 /* UIView+Extension.swift in Sources */ = {isa = PBXBuildFile; fileRef = F2BA63132598E56B00A49020 /* UIView+Extension.swift */; };
		F2BA63172598E58A00A49020 /* Date+Extension.swift in Sources */ = {isa = PBXBuildFile; fileRef = F2BA63162598E58A00A49020 /* Date+Extension.swift */; };
		F2BA631A2598E5AA00A49020 /* UIImageView+Extension.swift in Sources */ = {isa = PBXBuildFile; fileRef = F2BA63192598E5AA00A49020 /* UIImageView+Extension.swift */; };
		F2BA631E2598E66F00A49020 /* SnapKit in Frameworks */ = {isa = PBXBuildFile; productRef = F2BA631D2598E66F00A49020 /* SnapKit */; };
		F2BA63222598E6BA00A49020 /* Then in Frameworks */ = {isa = PBXBuildFile; productRef = F2BA63212598E6BA00A49020 /* Then */; };
		F2BA63252598E6E900A49020 /* UITableView+Extension.swift in Sources */ = {isa = PBXBuildFile; fileRef = F2BA63242598E6E900A49020 /* UITableView+Extension.swift */; };
		F2BA63292598E74E00A49020 /* Font.swift in Sources */ = {isa = PBXBuildFile; fileRef = F2BA63282598E74E00A49020 /* Font.swift */; };
		F2BA632D2598E7DE00A49020 /* UITabbar+Extension.swift in Sources */ = {isa = PBXBuildFile; fileRef = F2BA632C2598E7DE00A49020 /* UITabbar+Extension.swift */; };
		F2BA63302598E80000A49020 /* UIColor+Extension.swift in Sources */ = {isa = PBXBuildFile; fileRef = F2BA632F2598E80000A49020 /* UIColor+Extension.swift */; };
		F2C0641425A8BA7000BDD16D /* ResponseResult.swift in Sources */ = {isa = PBXBuildFile; fileRef = F2C0641325A8BA7000BDD16D /* ResponseResult.swift */; };
		F2C0642225A8BCD100BDD16D /* UserService.swift in Sources */ = {isa = PBXBuildFile; fileRef = F2C0642125A8BCD100BDD16D /* UserService.swift */; };
		F2C0642525A8BDBF00BDD16D /* NetworkResult.swift in Sources */ = {isa = PBXBuildFile; fileRef = F2C0642425A8BDBF00BDD16D /* NetworkResult.swift */; };
		F2CD9C3625A83EBD001EC280 /* FilterResultCardVC.swift in Sources */ = {isa = PBXBuildFile; fileRef = F2CD9C3425A83EBD001EC280 /* FilterResultCardVC.swift */; };
		F2CD9C3725A83EBD001EC280 /* FilterResultCardVC.xib in Resources */ = {isa = PBXBuildFile; fileRef = F2CD9C3525A83EBD001EC280 /* FilterResultCardVC.xib */; };
		F2DCC2A525A7908A00AAE5EF /* APIConstants.swift in Sources */ = {isa = PBXBuildFile; fileRef = F2DCC2A425A7908A00AAE5EF /* APIConstants.swift */; };
		F2F6123425A61C47008B65DF /* SearchResultVC.swift in Sources */ = {isa = PBXBuildFile; fileRef = F2F6123325A61C47008B65DF /* SearchResultVC.swift */; };
/* End PBXBuildFile section */

/* Begin PBXFileReference section */
		2F3F5BD99D092D8D80FFA68F /* Pods_Milkyway.framework */ = {isa = PBXFileReference; explicitFileType = wrapper.framework; includeInIndex = 0; path = Pods_Milkyway.framework; sourceTree = BUILT_PRODUCTS_DIR; };
		6B27B99B25A6C5B900E14799 /* RectangleCVCell.swift */ = {isa = PBXFileReference; lastKnownFileType = sourcecode.swift; path = RectangleCVCell.swift; sourceTree = "<group>"; };
		6B27B99C25A6C5B900E14799 /* RectangleCVCell.xib */ = {isa = PBXFileReference; lastKnownFileType = file.xib; path = RectangleCVCell.xib; sourceTree = "<group>"; };
		6B27B9A225A7228C00E14799 /* CanceledTVCell.swift */ = {isa = PBXFileReference; lastKnownFileType = sourcecode.swift; path = CanceledTVCell.swift; sourceTree = "<group>"; };
		6B27B9A325A7228C00E14799 /* CanceledTVCell.xib */ = {isa = PBXFileReference; lastKnownFileType = file.xib; path = CanceledTVCell.xib; sourceTree = "<group>"; };
		6B27B9A825A7240800E14799 /* InProgressTVCell.swift */ = {isa = PBXFileReference; lastKnownFileType = sourcecode.swift; path = InProgressTVCell.swift; sourceTree = "<group>"; };
		6B27B9A925A7240800E14799 /* InProgressTVCell.xib */ = {isa = PBXFileReference; lastKnownFileType = file.xib; path = InProgressTVCell.xib; sourceTree = "<group>"; };
		6B4086CF25AC2B4E00D6894E /* HomeService.swift */ = {isa = PBXFileReference; lastKnownFileType = sourcecode.swift; path = HomeService.swift; sourceTree = "<group>"; };
		6B4086D225AC33AD00D6894E /* GetMilkyHomeModel.swift */ = {isa = PBXFileReference; lastKnownFileType = sourcecode.swift; path = GetMilkyHomeModel.swift; sourceTree = "<group>"; };
		6B657FE225AD5B85002648A1 /* ModifyCafeService.swift */ = {isa = PBXFileReference; lastKnownFileType = sourcecode.swift; path = ModifyCafeService.swift; sourceTree = "<group>"; };
		6B657FE525AD5C15002648A1 /* PostModifyModel.swift */ = {isa = PBXFileReference; lastKnownFileType = sourcecode.swift; path = PostModifyModel.swift; sourceTree = "<group>"; };
		6B869C0125A0B95E0068BFD2 /* InfoModifyReqVC.swift */ = {isa = PBXFileReference; lastKnownFileType = sourcecode.swift; path = InfoModifyReqVC.swift; sourceTree = "<group>"; };
		6B869C0425A0B96D0068BFD2 /* InfoModifyReq.storyboard */ = {isa = PBXFileReference; lastKnownFileType = file.storyboard; path = InfoModifyReq.storyboard; sourceTree = "<group>"; };
		6B869C0725A0BF700068BFD2 /* Modify.storyboard */ = {isa = PBXFileReference; lastKnownFileType = file.storyboard; path = Modify.storyboard; sourceTree = "<group>"; };
		6B869C0A25A0BF9C0068BFD2 /* ModifyVC.swift */ = {isa = PBXFileReference; lastKnownFileType = sourcecode.swift; path = ModifyVC.swift; sourceTree = "<group>"; };
		6B869C0D25A0CBF70068BFD2 /* ModifyConfirmVC.swift */ = {isa = PBXFileReference; lastKnownFileType = sourcecode.swift; path = ModifyConfirmVC.swift; sourceTree = "<group>"; };
		6B869C1025A1CD140068BFD2 /* DeletePlace.storyboard */ = {isa = PBXFileReference; lastKnownFileType = file.storyboard; path = DeletePlace.storyboard; sourceTree = "<group>"; };
		6B869C1325A1CD210068BFD2 /* DeletePlaceVC.swift */ = {isa = PBXFileReference; lastKnownFileType = sourcecode.swift; path = DeletePlaceVC.swift; sourceTree = "<group>"; };
		6B869C4325A1E8E00068BFD2 /* DeletePlaceConfirmVC.swift */ = {isa = PBXFileReference; lastKnownFileType = sourcecode.swift; path = DeletePlaceConfirmVC.swift; sourceTree = "<group>"; };
		6B869C4E25A2F9960068BFD2 /* CardVC.swift */ = {isa = PBXFileReference; lastKnownFileType = sourcecode.swift; path = CardVC.swift; sourceTree = "<group>"; };
		6B869C4F25A2F9960068BFD2 /* CardVC.xib */ = {isa = PBXFileReference; lastKnownFileType = file.xib; path = CardVC.xib; sourceTree = "<group>"; };
		6B92F8E025AB82A50050EEEC /* CafeCardVC.swift */ = {isa = PBXFileReference; lastKnownFileType = sourcecode.swift; path = CafeCardVC.swift; sourceTree = "<group>"; };
		6B92F8E125AB82A50050EEEC /* CafeCardVC.xib */ = {isa = PBXFileReference; lastKnownFileType = file.xib; path = CafeCardVC.xib; sourceTree = "<group>"; };
		6B96A13525A9C809004E529D /* CancelReasonVC.swift */ = {isa = PBXFileReference; lastKnownFileType = sourcecode.swift; path = CancelReasonVC.swift; sourceTree = "<group>"; };
		6BD05A6525A41FFE00B2643F /* CompletedTVCell.xib */ = {isa = PBXFileReference; fileEncoding = 4; lastKnownFileType = file.xib; path = CompletedTVCell.xib; sourceTree = "<group>"; };
		6BD05A6625A41FFE00B2643F /* TopTVCell.xib */ = {isa = PBXFileReference; fileEncoding = 4; lastKnownFileType = file.xib; path = TopTVCell.xib; sourceTree = "<group>"; };
		6BD05A6725A41FFE00B2643F /* CompletedTVCell.swift */ = {isa = PBXFileReference; fileEncoding = 4; lastKnownFileType = sourcecode.swift; path = CompletedTVCell.swift; sourceTree = "<group>"; };
		6BD05A6825A41FFE00B2643F /* TopTVCell.swift */ = {isa = PBXFileReference; fileEncoding = 4; lastKnownFileType = sourcecode.swift; path = TopTVCell.swift; sourceTree = "<group>"; };
		6BF6DA6D25A57DF5001CDB9A /* CardState.swift */ = {isa = PBXFileReference; lastKnownFileType = sourcecode.swift; path = CardState.swift; sourceTree = "<group>"; };
		6BF6DAA125A603A7001CDB9A /* CustomLabel.swift */ = {isa = PBXFileReference; lastKnownFileType = sourcecode.swift; path = CustomLabel.swift; sourceTree = "<group>"; };
		6BF6DAA425A6084E001CDB9A /* paddingLabel.swift */ = {isa = PBXFileReference; lastKnownFileType = sourcecode.swift; path = paddingLabel.swift; sourceTree = "<group>"; };
		82A4CFBF130A68D0DC76260E /* Pods-Milkyway.release.xcconfig */ = {isa = PBXFileReference; includeInIndex = 1; lastKnownFileType = text.xcconfig; name = "Pods-Milkyway.release.xcconfig"; path = "Target Support Files/Pods-Milkyway/Pods-Milkyway.release.xcconfig"; sourceTree = "<group>"; };
		B6E7AC1233665DEC2C3D21DC /* Pods-Milkyway.debug.xcconfig */ = {isa = PBXFileReference; includeInIndex = 1; lastKnownFileType = text.xcconfig; name = "Pods-Milkyway.debug.xcconfig"; path = "Target Support Files/Pods-Milkyway/Pods-Milkyway.debug.xcconfig"; sourceTree = "<group>"; };
		D10FD49825A77CB50060CD7D /* 밀키웨이_ios_스플레쉬.json */ = {isa = PBXFileReference; fileEncoding = 4; lastKnownFileType = text.json; path = "밀키웨이_ios_스플레쉬.json"; sourceTree = "<group>"; };
		D11AB9C925A5BC0600C1927E /* MenuPlusVC.swift */ = {isa = PBXFileReference; lastKnownFileType = sourcecode.swift; path = MenuPlusVC.swift; sourceTree = "<group>"; };
		D11AB9CC25A5BC0E00C1927E /* MenuPlus.storyboard */ = {isa = PBXFileReference; lastKnownFileType = file.storyboard; path = MenuPlus.storyboard; sourceTree = "<group>"; };
		D11ABA1525A62B9B00C1927E /* UILabel+Extension.swift */ = {isa = PBXFileReference; lastKnownFileType = sourcecode.swift; path = "UILabel+Extension.swift"; sourceTree = "<group>"; };
		D11ABA4F25A64F3B00C1927E /* ToastView.swift */ = {isa = PBXFileReference; lastKnownFileType = sourcecode.swift; path = ToastView.swift; sourceTree = "<group>"; };
		D11ABA5225A64F7D00C1927E /* ToastView.xib */ = {isa = PBXFileReference; fileEncoding = 4; lastKnownFileType = file.xib; path = ToastView.xib; sourceTree = "<group>"; };
		D15443F425A33ACF007773BF /* CafeNameSearchCell.swift */ = {isa = PBXFileReference; lastKnownFileType = sourcecode.swift; path = CafeNameSearchCell.swift; sourceTree = "<group>"; };
		D15443F525A33ACF007773BF /* CafeNameSearchCell.xib */ = {isa = PBXFileReference; lastKnownFileType = file.xib; path = CafeNameSearchCell.xib; sourceTree = "<group>"; };
		D15443FD25A33AF8007773BF /* CafeNameResultCell.swift */ = {isa = PBXFileReference; lastKnownFileType = sourcecode.swift; path = CafeNameResultCell.swift; sourceTree = "<group>"; };
		D15443FE25A33AF9007773BF /* CafeNameResultCell.xib */ = {isa = PBXFileReference; lastKnownFileType = file.xib; path = CafeNameResultCell.xib; sourceTree = "<group>"; };
		D154440225A33B05007773BF /* CafeMenusCell.swift */ = {isa = PBXFileReference; lastKnownFileType = sourcecode.swift; path = CafeMenusCell.swift; sourceTree = "<group>"; };
		D154440325A33B05007773BF /* CafeMenusCell.xib */ = {isa = PBXFileReference; lastKnownFileType = file.xib; path = CafeMenusCell.xib; sourceTree = "<group>"; };
		D154440725A33B10007773BF /* HoneyTipCell.swift */ = {isa = PBXFileReference; lastKnownFileType = sourcecode.swift; path = HoneyTipCell.swift; sourceTree = "<group>"; };
		D154440825A33B10007773BF /* HoneyTipCell.xib */ = {isa = PBXFileReference; lastKnownFileType = file.xib; path = HoneyTipCell.xib; sourceTree = "<group>"; };
		D175DA5925AAE5C600665678 /* UniverseBottomVC.swift */ = {isa = PBXFileReference; lastKnownFileType = sourcecode.swift; path = UniverseBottomVC.swift; sourceTree = "<group>"; };
		D175DA5A25AAE5C600665678 /* UniverseBottomVC.xib */ = {isa = PBXFileReference; lastKnownFileType = file.xib; path = UniverseBottomVC.xib; sourceTree = "<group>"; };
		D175DA7E25AB51C600665678 /* BottomTVC.swift */ = {isa = PBXFileReference; lastKnownFileType = sourcecode.swift; path = BottomTVC.swift; sourceTree = "<group>"; };
		D175DA7F25AB51C600665678 /* BottomTVC.xib */ = {isa = PBXFileReference; lastKnownFileType = file.xib; path = BottomTVC.xib; sourceTree = "<group>"; };
		D175DA8C25AB863900665678 /* ReportCafeService.swift */ = {isa = PBXFileReference; lastKnownFileType = sourcecode.swift; path = ReportCafeService.swift; sourceTree = "<group>"; };
		D175DA9825AC412200665678 /* UniversePopUpVC.swift */ = {isa = PBXFileReference; lastKnownFileType = sourcecode.swift; path = UniversePopUpVC.swift; sourceTree = "<group>"; };
		D175DA9B25AC4DCC00665678 /* UniversePopUp.storyboard */ = {isa = PBXFileReference; lastKnownFileType = file.storyboard; path = UniversePopUp.storyboard; sourceTree = "<group>"; };
		D175DABB25ACCD5400665678 /* UniverseService.swift */ = {isa = PBXFileReference; lastKnownFileType = sourcecode.swift; path = UniverseService.swift; sourceTree = "<group>"; };
		D1983CA625A72BF200C74CED /* UITextField+Extension.swift */ = {isa = PBXFileReference; lastKnownFileType = sourcecode.swift; path = "UITextField+Extension.swift"; sourceTree = "<group>"; };
		D1996E0325A2290500B8F40B /* DetailCafeMenuVC.swift */ = {isa = PBXFileReference; lastKnownFileType = sourcecode.swift; path = DetailCafeMenuVC.swift; sourceTree = "<group>"; };
		D1996E0625A2290E00B8F40B /* DetailCafeMenu.storyboard */ = {isa = PBXFileReference; lastKnownFileType = file.storyboard; path = DetailCafeMenu.storyboard; sourceTree = "<group>"; };
		D1CA104725A9A70E004E42DC /* cafePopUpVC.swift */ = {isa = PBXFileReference; lastKnownFileType = sourcecode.swift; path = cafePopUpVC.swift; sourceTree = "<group>"; };
		D1CA107625AA06E6004E42DC /* PostCafeModel.swift */ = {isa = PBXFileReference; lastKnownFileType = sourcecode.swift; path = PostCafeModel.swift; sourceTree = "<group>"; };
		D1CA107925AA06F1004E42DC /* GetDetailCafeModel.swift */ = {isa = PBXFileReference; lastKnownFileType = sourcecode.swift; path = GetDetailCafeModel.swift; sourceTree = "<group>"; };
		D1CA107C25AA09DB004E42DC /* DetailCafeService.swift */ = {isa = PBXFileReference; lastKnownFileType = sourcecode.swift; path = DetailCafeService.swift; sourceTree = "<group>"; };
		D1D95DD125A30B9700B95F79 /* CafeBasicCell.swift */ = {isa = PBXFileReference; lastKnownFileType = sourcecode.swift; path = CafeBasicCell.swift; sourceTree = "<group>"; };
		D1D95DD225A30B9700B95F79 /* CafeBasicCell.xib */ = {isa = PBXFileReference; lastKnownFileType = file.xib; path = CafeBasicCell.xib; sourceTree = "<group>"; };
		D1D95DD625A30BA600B95F79 /* CafeHoneyCell.swift */ = {isa = PBXFileReference; lastKnownFileType = sourcecode.swift; path = CafeHoneyCell.swift; sourceTree = "<group>"; };
		D1D95DD725A30BA600B95F79 /* CafeHoneyCell.xib */ = {isa = PBXFileReference; lastKnownFileType = file.xib; path = CafeHoneyCell.xib; sourceTree = "<group>"; };
		D1D95DDB25A30BB100B95F79 /* CafeMenuCell.swift */ = {isa = PBXFileReference; lastKnownFileType = sourcecode.swift; path = CafeMenuCell.swift; sourceTree = "<group>"; };
		D1D95DDC25A30BB100B95F79 /* CafeMenuCell.xib */ = {isa = PBXFileReference; lastKnownFileType = file.xib; path = CafeMenuCell.xib; sourceTree = "<group>"; };
		D1F2283A259F70DA0018C472 /* ReportTabBarViewController.swift */ = {isa = PBXFileReference; lastKnownFileType = sourcecode.swift; path = ReportTabBarViewController.swift; sourceTree = "<group>"; };
		D1F2283E259F70EE0018C472 /* ReportTabBar.storyboard */ = {isa = PBXFileReference; lastKnownFileType = file.storyboard; path = ReportTabBar.storyboard; sourceTree = "<group>"; };
		D1F22849259F745F0018C472 /* CafeReportMainVC.swift */ = {isa = PBXFileReference; lastKnownFileType = sourcecode.swift; path = CafeReportMainVC.swift; sourceTree = "<group>"; };
		D1F2284C259F746D0018C472 /* CafeReportMain.storyboard */ = {isa = PBXFileReference; lastKnownFileType = file.storyboard; path = CafeReportMain.storyboard; sourceTree = "<group>"; };
		D1F2284F259F74810018C472 /* MyReportMainVC.swift */ = {isa = PBXFileReference; lastKnownFileType = sourcecode.swift; path = MyReportMainVC.swift; sourceTree = "<group>"; };
		D1F22852259F748C0018C472 /* MyReportMain.storyboard */ = {isa = PBXFileReference; lastKnownFileType = file.storyboard; path = MyReportMain.storyboard; sourceTree = "<group>"; };
		D1F22860259F78C20018C472 /* SearchVC.swift */ = {isa = PBXFileReference; lastKnownFileType = sourcecode.swift; path = SearchVC.swift; sourceTree = "<group>"; };
		D1F22864259F78C90018C472 /* Search.storyboard */ = {isa = PBXFileReference; lastKnownFileType = file.storyboard; path = Search.storyboard; sourceTree = "<group>"; };
		F21384B425A1E8360016E766 /* SearchTVC.swift */ = {isa = PBXFileReference; lastKnownFileType = sourcecode.swift; path = SearchTVC.swift; sourceTree = "<group>"; };
		F21384B525A1E8360016E766 /* SearchTVC.xib */ = {isa = PBXFileReference; lastKnownFileType = file.xib; path = SearchTVC.xib; sourceTree = "<group>"; };
		F2138D5325AC4B2A00736CAA /* SettingTVCell.swift */ = {isa = PBXFileReference; lastKnownFileType = sourcecode.swift; path = SettingTVCell.swift; sourceTree = "<group>"; };
		F2142DF725A349EE00D07F3F /* SF-Pro-Text-Regular.otf */ = {isa = PBXFileReference; lastKnownFileType = file; path = "SF-Pro-Text-Regular.otf"; sourceTree = "<group>"; };
		F2142DFA25A349F600D07F3F /* SF-Pro-Text-Semibold.otf */ = {isa = PBXFileReference; lastKnownFileType = file; path = "SF-Pro-Text-Semibold.otf"; sourceTree = "<group>"; };
		F2142DFD25A349FF00D07F3F /* SF-Pro-Text-Bold.otf */ = {isa = PBXFileReference; lastKnownFileType = file; path = "SF-Pro-Text-Bold.otf"; sourceTree = "<group>"; };
		F215A20525ACBD9B00FB7D86 /* NicknameChangeVC.swift */ = {isa = PBXFileReference; lastKnownFileType = sourcecode.swift; path = NicknameChangeVC.swift; sourceTree = "<group>"; };
		F215A21425ACD77000FB7D86 /* SearchCafeService.swift */ = {isa = PBXFileReference; lastKnownFileType = sourcecode.swift; path = SearchCafeService.swift; sourceTree = "<group>"; };
		F215A21725ACDA6E00FB7D86 /* String+Extensions.swift */ = {isa = PBXFileReference; lastKnownFileType = sourcecode.swift; path = "String+Extensions.swift"; sourceTree = "<group>"; };
		F215A22425ACDC0400FB7D86 /* GetCafeInfoModel.swift */ = {isa = PBXFileReference; lastKnownFileType = sourcecode.swift; path = GetCafeInfoModel.swift; sourceTree = "<group>"; };
		F2242A1A259BAC8200455604 /* TabBarController.swift */ = {isa = PBXFileReference; lastKnownFileType = sourcecode.swift; path = TabBarController.swift; sourceTree = "<group>"; };
		F2242A1F259BAD5400455604 /* TabBar.storyboard */ = {isa = PBXFileReference; lastKnownFileType = file.storyboard; path = TabBar.storyboard; sourceTree = "<group>"; };
		F2242A23259BAFFC00455604 /* HomeVC.swift */ = {isa = PBXFileReference; lastKnownFileType = sourcecode.swift; path = HomeVC.swift; sourceTree = "<group>"; };
		F2242A27259BB02100455604 /* Home.storyboard */ = {isa = PBXFileReference; lastKnownFileType = file.storyboard; path = Home.storyboard; sourceTree = "<group>"; };
		F2242A3A259BB2CF00455604 /* SettingVC.swift */ = {isa = PBXFileReference; lastKnownFileType = sourcecode.swift; path = SettingVC.swift; sourceTree = "<group>"; };
		F2242A3D259BB2DF00455604 /* Setting.storyboard */ = {isa = PBXFileReference; lastKnownFileType = file.storyboard; path = Setting.storyboard; sourceTree = "<group>"; };
		F2242A46259BC22F00455604 /* LoginVC.swift */ = {isa = PBXFileReference; lastKnownFileType = sourcecode.swift; path = LoginVC.swift; sourceTree = "<group>"; };
		F2242A49259BC23A00455604 /* Login.storyboard */ = {isa = PBXFileReference; lastKnownFileType = file.storyboard; path = Login.storyboard; sourceTree = "<group>"; };
		F2242A53259C4A9B00455604 /* MyUniverseVC.swift */ = {isa = PBXFileReference; lastKnownFileType = sourcecode.swift; path = MyUniverseVC.swift; sourceTree = "<group>"; };
		F2242A56259C4AA600455604 /* MyUniverse.storyboard */ = {isa = PBXFileReference; lastKnownFileType = file.storyboard; path = MyUniverse.storyboard; sourceTree = "<group>"; };
		F2242A62259C78FD00455604 /* LoginNaviController.swift */ = {isa = PBXFileReference; lastKnownFileType = sourcecode.swift; path = LoginNaviController.swift; sourceTree = "<group>"; };
		F2242A68259CD2F500455604 /* FilterResultVC.swift */ = {isa = PBXFileReference; lastKnownFileType = sourcecode.swift; path = FilterResultVC.swift; sourceTree = "<group>"; };
		F2242A6B259CD30400455604 /* FilterResult.storyboard */ = {isa = PBXFileReference; lastKnownFileType = file.storyboard; path = FilterResult.storyboard; sourceTree = "<group>"; };
		F240771625A731EB008B691B /* SplashVC.swift */ = {isa = PBXFileReference; lastKnownFileType = sourcecode.swift; path = SplashVC.swift; sourceTree = "<group>"; };
		F2478EE625AB00BB00091F1E /* ResultMapVC.swift */ = {isa = PBXFileReference; lastKnownFileType = sourcecode.swift; path = ResultMapVC.swift; sourceTree = "<group>"; };
		F2485E7A25A8C8E0003E3895 /* Token.swift */ = {isa = PBXFileReference; lastKnownFileType = sourcecode.swift; path = Token.swift; sourceTree = "<group>"; };
		F2485EA625A8E60A003E3895 /* UniverseCardVC.swift */ = {isa = PBXFileReference; lastKnownFileType = sourcecode.swift; name = UniverseCardVC.swift; path = Milkyway/Screens/MyUniverse/ViewControllers/UniverseCardVC.swift; sourceTree = SOURCE_ROOT; };
		F2485EA725A8E60A003E3895 /* UniverseCardVC.xib */ = {isa = PBXFileReference; lastKnownFileType = file.xib; name = UniverseCardVC.xib; path = Milkyway/Screens/MyUniverse/ViewControllers/UniverseCardVC.xib; sourceTree = SOURCE_ROOT; };
		F2688C2925AB73FD0032C054 /* AddSearch.storyboard */ = {isa = PBXFileReference; lastKnownFileType = file.storyboard; path = AddSearch.storyboard; sourceTree = "<group>"; };
		F2688C2C25AB748A0032C054 /* AddSearchVC.swift */ = {isa = PBXFileReference; lastKnownFileType = sourcecode.swift; path = AddSearchVC.swift; sourceTree = "<group>"; };
		F2688C2F25AB74C50032C054 /* AddSearchResultVC.swift */ = {isa = PBXFileReference; lastKnownFileType = sourcecode.swift; path = AddSearchResultVC.swift; sourceTree = "<group>"; };
		F26BEB6225A63BB800B7AFCF /* AddSearchTVC.swift */ = {isa = PBXFileReference; lastKnownFileType = sourcecode.swift; path = AddSearchTVC.swift; sourceTree = "<group>"; };
		F26BEB6325A63BB900B7AFCF /* AddSearchTVC.xib */ = {isa = PBXFileReference; lastKnownFileType = file.xib; path = AddSearchTVC.xib; sourceTree = "<group>"; };
		F2BA62DA2598DE5F00A49020 /* Milkyway.app */ = {isa = PBXFileReference; explicitFileType = wrapper.application; includeInIndex = 0; path = Milkyway.app; sourceTree = BUILT_PRODUCTS_DIR; };
		F2BA62DD2598DE5F00A49020 /* AppDelegate.swift */ = {isa = PBXFileReference; lastKnownFileType = sourcecode.swift; path = AppDelegate.swift; sourceTree = "<group>"; };
		F2BA62DF2598DE5F00A49020 /* SceneDelegate.swift */ = {isa = PBXFileReference; lastKnownFileType = sourcecode.swift; path = SceneDelegate.swift; sourceTree = "<group>"; };
		F2BA62E72598DE5F00A49020 /* Milkyway.xcdatamodel */ = {isa = PBXFileReference; lastKnownFileType = wrapper.xcdatamodel; path = Milkyway.xcdatamodel; sourceTree = "<group>"; };
		F2BA62E92598DE6400A49020 /* Assets.xcassets */ = {isa = PBXFileReference; lastKnownFileType = folder.assetcatalog; path = Assets.xcassets; sourceTree = "<group>"; };
		F2BA62EC2598DE6400A49020 /* Base */ = {isa = PBXFileReference; lastKnownFileType = file.storyboard; name = Base; path = Base.lproj/LaunchScreen.storyboard; sourceTree = "<group>"; };
		F2BA62EE2598DE6400A49020 /* Info.plist */ = {isa = PBXFileReference; lastKnownFileType = text.plist.xml; path = Info.plist; sourceTree = "<group>"; };
		F2BA63092598E4D400A49020 /* UIViewController+Extension.swift */ = {isa = PBXFileReference; lastKnownFileType = sourcecode.swift; path = "UIViewController+Extension.swift"; sourceTree = "<group>"; };
		F2BA630D2598E52600A49020 /* UITextView+Extension.swift */ = {isa = PBXFileReference; lastKnownFileType = sourcecode.swift; path = "UITextView+Extension.swift"; sourceTree = "<group>"; };
		F2BA63102598E55000A49020 /* UIButton+Extension.swift */ = {isa = PBXFileReference; lastKnownFileType = sourcecode.swift; path = "UIButton+Extension.swift"; sourceTree = "<group>"; };
		F2BA63132598E56B00A49020 /* UIView+Extension.swift */ = {isa = PBXFileReference; lastKnownFileType = sourcecode.swift; path = "UIView+Extension.swift"; sourceTree = "<group>"; };
		F2BA63162598E58A00A49020 /* Date+Extension.swift */ = {isa = PBXFileReference; lastKnownFileType = sourcecode.swift; path = "Date+Extension.swift"; sourceTree = "<group>"; };
		F2BA63192598E5AA00A49020 /* UIImageView+Extension.swift */ = {isa = PBXFileReference; lastKnownFileType = sourcecode.swift; path = "UIImageView+Extension.swift"; sourceTree = "<group>"; };
		F2BA63242598E6E900A49020 /* UITableView+Extension.swift */ = {isa = PBXFileReference; lastKnownFileType = sourcecode.swift; path = "UITableView+Extension.swift"; sourceTree = "<group>"; };
		F2BA63282598E74E00A49020 /* Font.swift */ = {isa = PBXFileReference; lastKnownFileType = sourcecode.swift; path = Font.swift; sourceTree = "<group>"; };
		F2BA632C2598E7DE00A49020 /* UITabbar+Extension.swift */ = {isa = PBXFileReference; lastKnownFileType = sourcecode.swift; path = "UITabbar+Extension.swift"; sourceTree = "<group>"; };
		F2BA632F2598E80000A49020 /* UIColor+Extension.swift */ = {isa = PBXFileReference; lastKnownFileType = sourcecode.swift; path = "UIColor+Extension.swift"; sourceTree = "<group>"; };
		F2C0641325A8BA7000BDD16D /* ResponseResult.swift */ = {isa = PBXFileReference; lastKnownFileType = sourcecode.swift; path = ResponseResult.swift; sourceTree = "<group>"; };
		F2C0642125A8BCD100BDD16D /* UserService.swift */ = {isa = PBXFileReference; lastKnownFileType = sourcecode.swift; path = UserService.swift; sourceTree = "<group>"; };
		F2C0642425A8BDBF00BDD16D /* NetworkResult.swift */ = {isa = PBXFileReference; lastKnownFileType = sourcecode.swift; path = NetworkResult.swift; sourceTree = "<group>"; };
		F2CD9C3425A83EBD001EC280 /* FilterResultCardVC.swift */ = {isa = PBXFileReference; lastKnownFileType = sourcecode.swift; path = FilterResultCardVC.swift; sourceTree = "<group>"; };
		F2CD9C3525A83EBD001EC280 /* FilterResultCardVC.xib */ = {isa = PBXFileReference; lastKnownFileType = file.xib; path = FilterResultCardVC.xib; sourceTree = "<group>"; };
		F2DCC2A425A7908A00AAE5EF /* APIConstants.swift */ = {isa = PBXFileReference; lastKnownFileType = sourcecode.swift; path = APIConstants.swift; sourceTree = "<group>"; };
		F2F6123325A61C47008B65DF /* SearchResultVC.swift */ = {isa = PBXFileReference; lastKnownFileType = sourcecode.swift; path = SearchResultVC.swift; sourceTree = "<group>"; };
/* End PBXFileReference section */

/* Begin PBXFrameworksBuildPhase section */
		F2BA62D72598DE5F00A49020 /* Frameworks */ = {
			isa = PBXFrameworksBuildPhase;
			buildActionMask = 2147483647;
			files = (
				F2BA63222598E6BA00A49020 /* Then in Frameworks */,
				F2BA63062598E42200A49020 /* SwiftyJSON in Frameworks */,
				F2BA631E2598E66F00A49020 /* SnapKit in Frameworks */,
				F2BA63022598E3A500A49020 /* Kingfisher in Frameworks */,
				F2BA62FE2598E31800A49020 /* Alamofire in Frameworks */,
				4799C2F4CFD3497A225FA29A /* Pods_Milkyway.framework in Frameworks */,
			);
			runOnlyForDeploymentPostprocessing = 0;
		};
/* End PBXFrameworksBuildPhase section */

/* Begin PBXGroup section */
		6ABE1718CA7087CE2D53F67C /* Pods */ = {
			isa = PBXGroup;
			children = (
				B6E7AC1233665DEC2C3D21DC /* Pods-Milkyway.debug.xcconfig */,
				82A4CFBF130A68D0DC76260E /* Pods-Milkyway.release.xcconfig */,
			);
			path = Pods;
			sourceTree = "<group>";
		};
		6BD05A6425A41FFE00B2643F /* Cells */ = {
			isa = PBXGroup;
			children = (
				6BD05A6525A41FFE00B2643F /* CompletedTVCell.xib */,
				6BD05A6725A41FFE00B2643F /* CompletedTVCell.swift */,
				6BD05A6625A41FFE00B2643F /* TopTVCell.xib */,
				6B27B9A825A7240800E14799 /* InProgressTVCell.swift */,
				6B27B9A925A7240800E14799 /* InProgressTVCell.xib */,
				6BD05A6825A41FFE00B2643F /* TopTVCell.swift */,
				6BF6DAA125A603A7001CDB9A /* CustomLabel.swift */,
				6BF6DAA425A6084E001CDB9A /* paddingLabel.swift */,
				6B27B99B25A6C5B900E14799 /* RectangleCVCell.swift */,
				6B27B99C25A6C5B900E14799 /* RectangleCVCell.xib */,
				6B27B9A225A7228C00E14799 /* CanceledTVCell.swift */,
				6B27B9A325A7228C00E14799 /* CanceledTVCell.xib */,
			);
			path = Cells;
			sourceTree = "<group>";
		};
		9DA09BAE53911505A1F3100A /* Frameworks */ = {
			isa = PBXGroup;
			children = (
				2F3F5BD99D092D8D80FFA68F /* Pods_Milkyway.framework */,
			);
			name = Frameworks;
			sourceTree = "<group>";
		};
		D11AB9BC25A5957B00C1927E /* Models */ = {
			isa = PBXGroup;
			children = (
				F2C0641325A8BA7000BDD16D /* ResponseResult.swift */,
				F2C0642425A8BDBF00BDD16D /* NetworkResult.swift */,
				F2485E7A25A8C8E0003E3895 /* Token.swift */,
				D1CA107625AA06E6004E42DC /* PostCafeModel.swift */,
				D1CA107925AA06F1004E42DC /* GetDetailCafeModel.swift */,
				6B4086D225AC33AD00D6894E /* GetMilkyHomeModel.swift */,
				F215A22425ACDC0400FB7D86 /* GetCafeInfoModel.swift */,
				6B657FE525AD5C15002648A1 /* PostModifyModel.swift */,
			);
			path = Models;
			sourceTree = "<group>";
		};
		D15443C925A33712007773BF /* Cells */ = {
			isa = PBXGroup;
			children = (
				D15443F425A33ACF007773BF /* CafeNameSearchCell.swift */,
				D15443F525A33ACF007773BF /* CafeNameSearchCell.xib */,
				D15443FD25A33AF8007773BF /* CafeNameResultCell.swift */,
				D15443FE25A33AF9007773BF /* CafeNameResultCell.xib */,
				D154440225A33B05007773BF /* CafeMenusCell.swift */,
				D154440325A33B05007773BF /* CafeMenusCell.xib */,
				D154440725A33B10007773BF /* HoneyTipCell.swift */,
				D154440825A33B10007773BF /* HoneyTipCell.xib */,
			);
			path = Cells;
			sourceTree = "<group>";
		};
		D1996DFA25A20ACD00B8F40B /* CafeInfo */ = {
			isa = PBXGroup;
			children = (
				D1996DFB25A20AD900B8F40B /* DetailCafeMenu */,
				D1996DFC25A20AE400B8F40B /* ModifyCafeMenu */,
			);
			path = CafeInfo;
			sourceTree = "<group>";
		};
		D1996DFB25A20AD900B8F40B /* DetailCafeMenu */ = {
			isa = PBXGroup;
			children = (
				D1D95DC525A30B5A00B95F79 /* Cells */,
				D1996E0125A20BD600B8F40B /* ViewControllers */,
				D1996E0025A20BD000B8F40B /* Storyboards */,
			);
			path = DetailCafeMenu;
			sourceTree = "<group>";
		};
		D1996DFC25A20AE400B8F40B /* ModifyCafeMenu */ = {
			isa = PBXGroup;
			children = (
				D1996DFF25A20BAB00B8F40B /* Storyboards */,
				D1996DFE25A20B9B00B8F40B /* ViewControllers */,
			);
			path = ModifyCafeMenu;
			sourceTree = "<group>";
		};
		D1996DFE25A20B9B00B8F40B /* ViewControllers */ = {
			isa = PBXGroup;
			children = (
				6B869C0125A0B95E0068BFD2 /* InfoModifyReqVC.swift */,
				6B869C0A25A0BF9C0068BFD2 /* ModifyVC.swift */,
				6B869C0D25A0CBF70068BFD2 /* ModifyConfirmVC.swift */,
				6B869C1325A1CD210068BFD2 /* DeletePlaceVC.swift */,
				6B869C4325A1E8E00068BFD2 /* DeletePlaceConfirmVC.swift */,
			);
			path = ViewControllers;
			sourceTree = "<group>";
		};
		D1996DFF25A20BAB00B8F40B /* Storyboards */ = {
			isa = PBXGroup;
			children = (
				6B869C0425A0B96D0068BFD2 /* InfoModifyReq.storyboard */,
				6B869C0725A0BF700068BFD2 /* Modify.storyboard */,
				6B869C1025A1CD140068BFD2 /* DeletePlace.storyboard */,
			);
			path = Storyboards;
			sourceTree = "<group>";
		};
		D1996E0025A20BD000B8F40B /* Storyboards */ = {
			isa = PBXGroup;
			children = (
				D1996E0625A2290E00B8F40B /* DetailCafeMenu.storyboard */,
			);
			path = Storyboards;
			sourceTree = "<group>";
		};
		D1996E0125A20BD600B8F40B /* ViewControllers */ = {
			isa = PBXGroup;
			children = (
				D1996E0325A2290500B8F40B /* DetailCafeMenuVC.swift */,
			);
			path = ViewControllers;
			sourceTree = "<group>";
		};
		D1D95DC525A30B5A00B95F79 /* Cells */ = {
			isa = PBXGroup;
			children = (
				D1D95DD125A30B9700B95F79 /* CafeBasicCell.swift */,
				D1D95DD225A30B9700B95F79 /* CafeBasicCell.xib */,
				D1D95DD625A30BA600B95F79 /* CafeHoneyCell.swift */,
				D1D95DD725A30BA600B95F79 /* CafeHoneyCell.xib */,
				D1D95DDB25A30BB100B95F79 /* CafeMenuCell.swift */,
				D1D95DDC25A30BB100B95F79 /* CafeMenuCell.xib */,
			);
			path = Cells;
			sourceTree = "<group>";
		};
		D1F22836259F705A0018C472 /* ReportTabBar */ = {
			isa = PBXGroup;
			children = (
				D1F22837259F70730018C472 /* ViewController */,
				D1F22838259F707B0018C472 /* Storyboard */,
			);
			path = ReportTabBar;
			sourceTree = "<group>";
		};
		D1F22837259F70730018C472 /* ViewController */ = {
			isa = PBXGroup;
			children = (
				D1F2283A259F70DA0018C472 /* ReportTabBarViewController.swift */,
			);
			path = ViewController;
			sourceTree = "<group>";
		};
		D1F22838259F707B0018C472 /* Storyboard */ = {
			isa = PBXGroup;
			children = (
				D1F2283E259F70EE0018C472 /* ReportTabBar.storyboard */,
			);
			path = Storyboard;
			sourceTree = "<group>";
		};
		D1F22842259F73480018C472 /* CafeReport */ = {
			isa = PBXGroup;
			children = (
				D15443C925A33712007773BF /* Cells */,
				D1F22844259F73B60018C472 /* ViewControllers */,
				D1F22845259F73C20018C472 /* Storyboards */,
			);
			path = CafeReport;
			sourceTree = "<group>";
		};
		D1F22843259F73640018C472 /* MyReport */ = {
			isa = PBXGroup;
			children = (
				6BD05A6425A41FFE00B2643F /* Cells */,
				D1F22846259F73D10018C472 /* ViewControllers */,
				D1F22847259F73D60018C472 /* Storyboards */,
			);
			path = MyReport;
			sourceTree = "<group>";
		};
		D1F22844259F73B60018C472 /* ViewControllers */ = {
			isa = PBXGroup;
			children = (
				D1F22849259F745F0018C472 /* CafeReportMainVC.swift */,
				D11AB9C925A5BC0600C1927E /* MenuPlusVC.swift */,
				D1CA104725A9A70E004E42DC /* cafePopUpVC.swift */,
			);
			path = ViewControllers;
			sourceTree = "<group>";
		};
		D1F22845259F73C20018C472 /* Storyboards */ = {
			isa = PBXGroup;
			children = (
				D1F2284C259F746D0018C472 /* CafeReportMain.storyboard */,
				D11AB9CC25A5BC0E00C1927E /* MenuPlus.storyboard */,
			);
			path = Storyboards;
			sourceTree = "<group>";
		};
		D1F22846259F73D10018C472 /* ViewControllers */ = {
			isa = PBXGroup;
			children = (
				D1F2284F259F74810018C472 /* MyReportMainVC.swift */,
				6B96A13525A9C809004E529D /* CancelReasonVC.swift */,
			);
			path = ViewControllers;
			sourceTree = "<group>";
		};
		D1F22847259F73D60018C472 /* Storyboards */ = {
			isa = PBXGroup;
			children = (
				D1F22852259F748C0018C472 /* MyReportMain.storyboard */,
			);
			path = Storyboards;
			sourceTree = "<group>";
		};
		D1F2285D259F787C0018C472 /* Search */ = {
			isa = PBXGroup;
			children = (
				D1F2285E259F789B0018C472 /* ViewControllers */,
				D1F2285F259F78A40018C472 /* Storyboards */,
				F21384B925A1E83E0016E766 /* Cells */,
			);
			path = Search;
			sourceTree = "<group>";
		};
		D1F2285E259F789B0018C472 /* ViewControllers */ = {
			isa = PBXGroup;
			children = (
				D1F22860259F78C20018C472 /* SearchVC.swift */,
				F2F6123325A61C47008B65DF /* SearchResultVC.swift */,
				F2478EE625AB00BB00091F1E /* ResultMapVC.swift */,
				F2688C2C25AB748A0032C054 /* AddSearchVC.swift */,
				F2688C2F25AB74C50032C054 /* AddSearchResultVC.swift */,
			);
			path = ViewControllers;
			sourceTree = "<group>";
		};
		D1F2285F259F78A40018C472 /* Storyboards */ = {
			isa = PBXGroup;
			children = (
				D1F22864259F78C90018C472 /* Search.storyboard */,
				F2688C2925AB73FD0032C054 /* AddSearch.storyboard */,
			);
			path = Storyboards;
			sourceTree = "<group>";
		};
		F21384B925A1E83E0016E766 /* Cells */ = {
			isa = PBXGroup;
			children = (
				F21384B425A1E8360016E766 /* SearchTVC.swift */,
				F21384B525A1E8360016E766 /* SearchTVC.xib */,
				F26BEB6225A63BB800B7AFCF /* AddSearchTVC.swift */,
				F26BEB6325A63BB900B7AFCF /* AddSearchTVC.xib */,
			);
			path = Cells;
			sourceTree = "<group>";
		};
		F2142DF625A349DC00D07F3F /* Fonts */ = {
			isa = PBXGroup;
			children = (
				F2142DF725A349EE00D07F3F /* SF-Pro-Text-Regular.otf */,
				F2142DFA25A349F600D07F3F /* SF-Pro-Text-Semibold.otf */,
				F2142DFD25A349FF00D07F3F /* SF-Pro-Text-Bold.otf */,
			);
			path = Fonts;
			sourceTree = "<group>";
		};
		F2242A1D259BAC8700455604 /* TabBar */ = {
			isa = PBXGroup;
			children = (
				F2242A1A259BAC8200455604 /* TabBarController.swift */,
				F2242A1F259BAD5400455604 /* TabBar.storyboard */,
			);
			path = TabBar;
			sourceTree = "<group>";
		};
		F2242A26259BB00600455604 /* Home */ = {
			isa = PBXGroup;
			children = (
				D1F2285D259F787C0018C472 /* Search */,
				F2242A5B259C4C4900455604 /* HomeMain */,
				F2242A6E259CD30F00455604 /* FilterResult */,
			);
			path = Home;
			sourceTree = "<group>";
		};
		F2242A2A259BB09D00455604 /* ViewControllers */ = {
			isa = PBXGroup;
			children = (
				F2242A23259BAFFC00455604 /* HomeVC.swift */,
			);
			path = ViewControllers;
			sourceTree = "<group>";
		};
		F2242A2C259BB0AA00455604 /* Storyboards */ = {
			isa = PBXGroup;
			children = (
				6B869C4E25A2F9960068BFD2 /* CardVC.swift */,
				6B869C4F25A2F9960068BFD2 /* CardVC.xib */,
				F2242A27259BB02100455604 /* Home.storyboard */,
				6B92F8E025AB82A50050EEEC /* CafeCardVC.swift */,
				6B92F8E125AB82A50050EEEC /* CafeCardVC.xib */,
			);
			path = Storyboards;
			sourceTree = "<group>";
		};
		F2242A34259BB15B00455604 /* Report */ = {
			isa = PBXGroup;
			children = (
				D1F22836259F705A0018C472 /* ReportTabBar */,
				D1F22842259F73480018C472 /* CafeReport */,
				D1F22843259F73640018C472 /* MyReport */,
			);
			path = Report;
			sourceTree = "<group>";
		};
		F2242A40259BB2E500455604 /* Setting */ = {
			isa = PBXGroup;
			children = (
				F2242A41259BB2EC00455604 /* ViewControllers */,
				F2242A42259BB2F500455604 /* Storyboards */,
				F2688C8A25AC2EFD0032C054 /* Cells */,
			);
			path = Setting;
			sourceTree = "<group>";
		};
		F2242A41259BB2EC00455604 /* ViewControllers */ = {
			isa = PBXGroup;
			children = (
				F2242A3A259BB2CF00455604 /* SettingVC.swift */,
				F215A20525ACBD9B00FB7D86 /* NicknameChangeVC.swift */,
			);
			path = ViewControllers;
			sourceTree = "<group>";
		};
		F2242A42259BB2F500455604 /* Storyboards */ = {
			isa = PBXGroup;
			children = (
				F2242A3D259BB2DF00455604 /* Setting.storyboard */,
			);
			path = Storyboards;
			sourceTree = "<group>";
		};
		F2242A4C259BC23F00455604 /* Login */ = {
			isa = PBXGroup;
			children = (
				D10FD49825A77CB50060CD7D /* 밀키웨이_ios_스플레쉬.json */,
				F2242A4E259BC26300455604 /* ViewControllers */,
				F2242A50259BC26B00455604 /* Storyboards */,
			);
			path = Login;
			sourceTree = "<group>";
		};
		F2242A4E259BC26300455604 /* ViewControllers */ = {
			isa = PBXGroup;
			children = (
				F2242A46259BC22F00455604 /* LoginVC.swift */,
				F2242A62259C78FD00455604 /* LoginNaviController.swift */,
				F240771625A731EB008B691B /* SplashVC.swift */,
			);
			path = ViewControllers;
			sourceTree = "<group>";
		};
		F2242A50259BC26B00455604 /* Storyboards */ = {
			isa = PBXGroup;
			children = (
				F2242A49259BC23A00455604 /* Login.storyboard */,
			);
			path = Storyboards;
			sourceTree = "<group>";
		};
		F2242A59259C4AB200455604 /* MyUniverse */ = {
			isa = PBXGroup;
			children = (
				F2242A5D259C4C6200455604 /* ViewControllers */,
				F2242A5F259C4C6800455604 /* Storyboards */,
			);
			path = MyUniverse;
			sourceTree = "<group>";
		};
		F2242A5B259C4C4900455604 /* HomeMain */ = {
			isa = PBXGroup;
			children = (
				F2242A2A259BB09D00455604 /* ViewControllers */,
				F2242A2C259BB0AA00455604 /* Storyboards */,
			);
			path = HomeMain;
			sourceTree = "<group>";
		};
		F2242A5D259C4C6200455604 /* ViewControllers */ = {
			isa = PBXGroup;
			children = (
				F2242A53259C4A9B00455604 /* MyUniverseVC.swift */,
				D175DA9825AC412200665678 /* UniversePopUpVC.swift */,
			);
			path = ViewControllers;
			sourceTree = "<group>";
		};
		F2242A5F259C4C6800455604 /* Storyboards */ = {
			isa = PBXGroup;
			children = (
				F2242A56259C4AA600455604 /* MyUniverse.storyboard */,
				D175DA9B25AC4DCC00665678 /* UniversePopUp.storyboard */,
				F2485EA625A8E60A003E3895 /* UniverseCardVC.swift */,
				F2485EA725A8E60A003E3895 /* UniverseCardVC.xib */,
				D175DA5925AAE5C600665678 /* UniverseBottomVC.swift */,
				D175DA5A25AAE5C600665678 /* UniverseBottomVC.xib */,
				D175DA7E25AB51C600665678 /* BottomTVC.swift */,
				D175DA7F25AB51C600665678 /* BottomTVC.xib */,
			);
			path = Storyboards;
			sourceTree = "<group>";
		};
		F2242A6E259CD30F00455604 /* FilterResult */ = {
			isa = PBXGroup;
			children = (
				F2242A68259CD2F500455604 /* FilterResultVC.swift */,
				F2242A6B259CD30400455604 /* FilterResult.storyboard */,
				F2CD9C3425A83EBD001EC280 /* FilterResultCardVC.swift */,
				F2CD9C3525A83EBD001EC280 /* FilterResultCardVC.xib */,
			);
			path = FilterResult;
			sourceTree = "<group>";
		};
		F2688C8A25AC2EFD0032C054 /* Cells */ = {
			isa = PBXGroup;
			children = (
				F2138D5325AC4B2A00736CAA /* SettingTVCell.swift */,
			);
			path = Cells;
			sourceTree = "<group>";
		};
		F2BA62D12598DE5F00A49020 = {
			isa = PBXGroup;
			children = (
				F2BA62DC2598DE5F00A49020 /* Milkyway */,
				F2BA62DB2598DE5F00A49020 /* Products */,
				6ABE1718CA7087CE2D53F67C /* Pods */,
				9DA09BAE53911505A1F3100A /* Frameworks */,
			);
			sourceTree = "<group>";
		};
		F2BA62DB2598DE5F00A49020 /* Products */ = {
			isa = PBXGroup;
			children = (
				F2BA62DA2598DE5F00A49020 /* Milkyway.app */,
			);
			name = Products;
			sourceTree = "<group>";
		};
		F2BA62DC2598DE5F00A49020 /* Milkyway */ = {
			isa = PBXGroup;
			children = (
				F2BA62F52598DED200A49020 /* Global */,
				F2BA62F72598DEEA00A49020 /* Screens */,
				F2BA62E62598DE5F00A49020 /* Milkyway.xcdatamodeld */,
			);
			path = Milkyway;
			sourceTree = "<group>";
		};
		F2BA62F52598DED200A49020 /* Global */ = {
			isa = PBXGroup;
			children = (
				D11AB9BC25A5957B00C1927E /* Models */,
				F2BA63272598E72400A49020 /* Enums */,
				F2BA63082598E4B200A49020 /* Extensions */,
				F2BA62F92598E00A00A49020 /* Delegate */,
				F2BA62FA2598E01F00A49020 /* Resources */,
				F2BA62FB2598E03200A49020 /* Supporting Files */,
				F2DCC2A725A7909000AAE5EF /* Services */,
			);
			path = Global;
			sourceTree = "<group>";
		};
		F2BA62F72598DEEA00A49020 /* Screens */ = {
			isa = PBXGroup;
			children = (
				D1996DFA25A20ACD00B8F40B /* CafeInfo */,
				F2242A1D259BAC8700455604 /* TabBar */,
				F2242A4C259BC23F00455604 /* Login */,
				F2242A26259BB00600455604 /* Home */,
				F2242A34259BB15B00455604 /* Report */,
				F2242A59259C4AB200455604 /* MyUniverse */,
				F2242A40259BB2E500455604 /* Setting */,
			);
			path = Screens;
			sourceTree = "<group>";
		};
		F2BA62F92598E00A00A49020 /* Delegate */ = {
			isa = PBXGroup;
			children = (
				F2BA62DF2598DE5F00A49020 /* SceneDelegate.swift */,
				F2BA62DD2598DE5F00A49020 /* AppDelegate.swift */,
			);
			path = Delegate;
			sourceTree = "<group>";
		};
		F2BA62FA2598E01F00A49020 /* Resources */ = {
			isa = PBXGroup;
			children = (
				F2142DF625A349DC00D07F3F /* Fonts */,
				F2BA62EB2598DE6400A49020 /* LaunchScreen.storyboard */,
				F2BA62E92598DE6400A49020 /* Assets.xcassets */,
			);
			path = Resources;
			sourceTree = "<group>";
		};
		F2BA62FB2598E03200A49020 /* Supporting Files */ = {
			isa = PBXGroup;
			children = (
				F2BA62EE2598DE6400A49020 /* Info.plist */,
			);
			path = "Supporting Files";
			sourceTree = "<group>";
		};
		F2BA63082598E4B200A49020 /* Extensions */ = {
			isa = PBXGroup;
			children = (
				F2BA63092598E4D400A49020 /* UIViewController+Extension.swift */,
				F2BA630D2598E52600A49020 /* UITextView+Extension.swift */,
				F2BA63102598E55000A49020 /* UIButton+Extension.swift */,
				F2BA63132598E56B00A49020 /* UIView+Extension.swift */,
				F2BA63162598E58A00A49020 /* Date+Extension.swift */,
				F2BA63192598E5AA00A49020 /* UIImageView+Extension.swift */,
				F2BA63242598E6E900A49020 /* UITableView+Extension.swift */,
				F2BA632C2598E7DE00A49020 /* UITabbar+Extension.swift */,
				F2BA632F2598E80000A49020 /* UIColor+Extension.swift */,
				D11ABA1525A62B9B00C1927E /* UILabel+Extension.swift */,
				D11ABA5225A64F7D00C1927E /* ToastView.xib */,
				D11ABA4F25A64F3B00C1927E /* ToastView.swift */,
				D1983CA625A72BF200C74CED /* UITextField+Extension.swift */,
				F215A21725ACDA6E00FB7D86 /* String+Extensions.swift */,
			);
			path = Extensions;
			sourceTree = "<group>";
		};
		F2BA63272598E72400A49020 /* Enums */ = {
			isa = PBXGroup;
			children = (
				F2BA63282598E74E00A49020 /* Font.swift */,
				6BF6DA6D25A57DF5001CDB9A /* CardState.swift */,
			);
			path = Enums;
			sourceTree = "<group>";
		};
		F2DCC2A725A7909000AAE5EF /* Services */ = {
			isa = PBXGroup;
			children = (
				F2DCC2A425A7908A00AAE5EF /* APIConstants.swift */,
				F2C0642125A8BCD100BDD16D /* UserService.swift */,
				D1CA107C25AA09DB004E42DC /* DetailCafeService.swift */,
				D175DA8C25AB863900665678 /* ReportCafeService.swift */,
				6B4086CF25AC2B4E00D6894E /* HomeService.swift */,
				D175DABB25ACCD5400665678 /* UniverseService.swift */,
				F215A21425ACD77000FB7D86 /* SearchCafeService.swift */,
				6B657FE225AD5B85002648A1 /* ModifyCafeService.swift */,
			);
			path = Services;
			sourceTree = "<group>";
		};
/* End PBXGroup section */

/* Begin PBXNativeTarget section */
		F2BA62D92598DE5F00A49020 /* Milkyway */ = {
			isa = PBXNativeTarget;
			buildConfigurationList = F2BA62F12598DE6400A49020 /* Build configuration list for PBXNativeTarget "Milkyway" */;
			buildPhases = (
				88A800E966E0FAF842188714 /* [CP] Check Pods Manifest.lock */,
				F2BA62D62598DE5F00A49020 /* Sources */,
				F2BA62D72598DE5F00A49020 /* Frameworks */,
				F2BA62D82598DE5F00A49020 /* Resources */,
				D9B8078172513EA380A4E8DA /* [CP] Embed Pods Frameworks */,
			);
			buildRules = (
			);
			dependencies = (
			);
			name = Milkyway;
			packageProductDependencies = (
				F2BA62FD2598E31800A49020 /* Alamofire */,
				F2BA63012598E3A500A49020 /* Kingfisher */,
				F2BA63052598E42200A49020 /* SwiftyJSON */,
				F2BA631D2598E66F00A49020 /* SnapKit */,
				F2BA63212598E6BA00A49020 /* Then */,
			);
			productName = Milkyway;
			productReference = F2BA62DA2598DE5F00A49020 /* Milkyway.app */;
			productType = "com.apple.product-type.application";
		};
/* End PBXNativeTarget section */

/* Begin PBXProject section */
		F2BA62D22598DE5F00A49020 /* Project object */ = {
			isa = PBXProject;
			attributes = {
				LastSwiftUpdateCheck = 1230;
				LastUpgradeCheck = 1230;
				TargetAttributes = {
					F2BA62D92598DE5F00A49020 = {
						CreatedOnToolsVersion = 12.3;
					};
				};
			};
			buildConfigurationList = F2BA62D52598DE5F00A49020 /* Build configuration list for PBXProject "Milkyway" */;
			compatibilityVersion = "Xcode 9.3";
			developmentRegion = en;
			hasScannedForEncodings = 0;
			knownRegions = (
				en,
				Base,
			);
			mainGroup = F2BA62D12598DE5F00A49020;
			packageReferences = (
				F2BA62FC2598E31800A49020 /* XCRemoteSwiftPackageReference "Alamofire" */,
				F2BA63002598E3A500A49020 /* XCRemoteSwiftPackageReference "Kingfisher" */,
				F2BA63042598E42200A49020 /* XCRemoteSwiftPackageReference "SwiftyJSON" */,
				F2BA631C2598E66F00A49020 /* XCRemoteSwiftPackageReference "SnapKit" */,
				F2BA63202598E6BA00A49020 /* XCRemoteSwiftPackageReference "Then" */,
			);
			productRefGroup = F2BA62DB2598DE5F00A49020 /* Products */;
			projectDirPath = "";
			projectRoot = "";
			targets = (
				F2BA62D92598DE5F00A49020 /* Milkyway */,
			);
		};
/* End PBXProject section */

/* Begin PBXResourcesBuildPhase section */
		F2BA62D82598DE5F00A49020 /* Resources */ = {
			isa = PBXResourcesBuildPhase;
			buildActionMask = 2147483647;
			files = (
				F2688C2A25AB73FD0032C054 /* AddSearch.storyboard in Resources */,
				6B27B9A525A7228C00E14799 /* CanceledTVCell.xib in Resources */,
				6B869C0825A0BF700068BFD2 /* Modify.storyboard in Resources */,
				6B27B9AB25A7240800E14799 /* InProgressTVCell.xib in Resources */,
				D175DA9C25AC4DCC00665678 /* UniversePopUp.storyboard in Resources */,
				F2BA62ED2598DE6400A49020 /* LaunchScreen.storyboard in Resources */,
				D154440A25A33B10007773BF /* HoneyTipCell.xib in Resources */,
				D11AB9CD25A5BC0E00C1927E /* MenuPlus.storyboard in Resources */,
				D1D95DD925A30BA600B95F79 /* CafeHoneyCell.xib in Resources */,
				F2242A20259BAD5400455604 /* TabBar.storyboard in Resources */,
				F21384B725A1E8360016E766 /* SearchTVC.xib in Resources */,
				F2142DFB25A349F600D07F3F /* SF-Pro-Text-Semibold.otf in Resources */,
				D11ABA5325A64F7D00C1927E /* ToastView.xib in Resources */,
				F2242A4A259BC23A00455604 /* Login.storyboard in Resources */,
				D175DA8125AB51C700665678 /* BottomTVC.xib in Resources */,
				F2242A6C259CD30400455604 /* FilterResult.storyboard in Resources */,
				6BD05A6C25A41FFE00B2643F /* TopTVCell.xib in Resources */,
				6B869C0525A0B96D0068BFD2 /* InfoModifyReq.storyboard in Resources */,
				D1F2283F259F70EE0018C472 /* ReportTabBar.storyboard in Resources */,
				D10FD49925A77CB50060CD7D /* 밀키웨이_ios_스플레쉬.json in Resources */,
				F26BEB6525A63BB900B7AFCF /* AddSearchTVC.xib in Resources */,
				6BD05A6B25A41FFE00B2643F /* CompletedTVCell.xib in Resources */,
				D15443F725A33ACF007773BF /* CafeNameSearchCell.xib in Resources */,
				D175DA5C25AAE5C600665678 /* UniverseBottomVC.xib in Resources */,
				D1996E0725A2290E00B8F40B /* DetailCafeMenu.storyboard in Resources */,
				D1D95DD425A30B9700B95F79 /* CafeBasicCell.xib in Resources */,
				F2242A57259C4AA600455604 /* MyUniverse.storyboard in Resources */,
				6B869C5125A2F9960068BFD2 /* CardVC.xib in Resources */,
				F2BA62EA2598DE6400A49020 /* Assets.xcassets in Resources */,
				D154440025A33AF9007773BF /* CafeNameResultCell.xib in Resources */,
				F2242A28259BB02100455604 /* Home.storyboard in Resources */,
				6B92F8E325AB82A50050EEEC /* CafeCardVC.xib in Resources */,
				D154440525A33B05007773BF /* CafeMenusCell.xib in Resources */,
				D1F2284D259F746D0018C472 /* CafeReportMain.storyboard in Resources */,
				F2485EA925A8E60A003E3895 /* UniverseCardVC.xib in Resources */,
				F2242A3E259BB2DF00455604 /* Setting.storyboard in Resources */,
				F2142DFE25A349FF00D07F3F /* SF-Pro-Text-Bold.otf in Resources */,
				D1F22865259F78C90018C472 /* Search.storyboard in Resources */,
				F2142DF825A349EE00D07F3F /* SF-Pro-Text-Regular.otf in Resources */,
				D1D95DDE25A30BB100B95F79 /* CafeMenuCell.xib in Resources */,
				6B869C1125A1CD140068BFD2 /* DeletePlace.storyboard in Resources */,
				F2CD9C3725A83EBD001EC280 /* FilterResultCardVC.xib in Resources */,
				D1F22853259F748C0018C472 /* MyReportMain.storyboard in Resources */,
				6B27B99E25A6C5B900E14799 /* RectangleCVCell.xib in Resources */,
			);
			runOnlyForDeploymentPostprocessing = 0;
		};
/* End PBXResourcesBuildPhase section */

/* Begin PBXShellScriptBuildPhase section */
		88A800E966E0FAF842188714 /* [CP] Check Pods Manifest.lock */ = {
			isa = PBXShellScriptBuildPhase;
			buildActionMask = 2147483647;
			files = (
			);
			inputFileListPaths = (
			);
			inputPaths = (
				"${PODS_PODFILE_DIR_PATH}/Podfile.lock",
				"${PODS_ROOT}/Manifest.lock",
			);
			name = "[CP] Check Pods Manifest.lock";
			outputFileListPaths = (
			);
			outputPaths = (
				"$(DERIVED_FILE_DIR)/Pods-Milkyway-checkManifestLockResult.txt",
			);
			runOnlyForDeploymentPostprocessing = 0;
			shellPath = /bin/sh;
			shellScript = "diff \"${PODS_PODFILE_DIR_PATH}/Podfile.lock\" \"${PODS_ROOT}/Manifest.lock\" > /dev/null\nif [ $? != 0 ] ; then\n    # print error to STDERR\n    echo \"error: The sandbox is not in sync with the Podfile.lock. Run 'pod install' or update your CocoaPods installation.\" >&2\n    exit 1\nfi\n# This output is used by Xcode 'outputs' to avoid re-running this script phase.\necho \"SUCCESS\" > \"${SCRIPT_OUTPUT_FILE_0}\"\n";
			showEnvVarsInLog = 0;
		};
		D9B8078172513EA380A4E8DA /* [CP] Embed Pods Frameworks */ = {
			isa = PBXShellScriptBuildPhase;
			buildActionMask = 2147483647;
			files = (
			);
			inputFileListPaths = (
				"${PODS_ROOT}/Target Support Files/Pods-Milkyway/Pods-Milkyway-frameworks-${CONFIGURATION}-input-files.xcfilelist",
			);
			name = "[CP] Embed Pods Frameworks";
			outputFileListPaths = (
				"${PODS_ROOT}/Target Support Files/Pods-Milkyway/Pods-Milkyway-frameworks-${CONFIGURATION}-output-files.xcfilelist",
			);
			runOnlyForDeploymentPostprocessing = 0;
			shellPath = /bin/sh;
			shellScript = "\"${PODS_ROOT}/Target Support Files/Pods-Milkyway/Pods-Milkyway-frameworks.sh\"\n";
			showEnvVarsInLog = 0;
		};
/* End PBXShellScriptBuildPhase section */

/* Begin PBXSourcesBuildPhase section */
		F2BA62D62598DE5F00A49020 /* Sources */ = {
			isa = PBXSourcesBuildPhase;
			buildActionMask = 2147483647;
			files = (
				F215A20625ACBD9B00FB7D86 /* NicknameChangeVC.swift in Sources */,
				6B4086D325AC33AD00D6894E /* GetMilkyHomeModel.swift in Sources */,
				D154440425A33B05007773BF /* CafeMenusCell.swift in Sources */,
				F2CD9C3625A83EBD001EC280 /* FilterResultCardVC.swift in Sources */,
				F215A22525ACDC0400FB7D86 /* GetCafeInfoModel.swift in Sources */,
				6B657FE325AD5B85002648A1 /* ModifyCafeService.swift in Sources */,
				D154440925A33B10007773BF /* HoneyTipCell.swift in Sources */,
				6BD05A6D25A41FFE00B2643F /* CompletedTVCell.swift in Sources */,
				6BD05A6E25A41FFE00B2643F /* TopTVCell.swift in Sources */,
				D1F22861259F78C20018C472 /* SearchVC.swift in Sources */,
				D1CA107A25AA06F1004E42DC /* GetDetailCafeModel.swift in Sources */,
				F2242A69259CD2F600455604 /* FilterResultVC.swift in Sources */,
				D11ABA1625A62B9B00C1927E /* UILabel+Extension.swift in Sources */,
				D1CA104825A9A70E004E42DC /* cafePopUpVC.swift in Sources */,
				F2478EE725AB00BB00091F1E /* ResultMapVC.swift in Sources */,
				F2BA63252598E6E900A49020 /* UITableView+Extension.swift in Sources */,
				6BF6DAA225A603A7001CDB9A /* CustomLabel.swift in Sources */,
				F2688C3025AB74C50032C054 /* AddSearchResultVC.swift in Sources */,
				D1F2283B259F70DA0018C472 /* ReportTabBarViewController.swift in Sources */,
				6B657FE625AD5C15002648A1 /* PostModifyModel.swift in Sources */,
				F2BA631A2598E5AA00A49020 /* UIImageView+Extension.swift in Sources */,
				D1D95DDD25A30BB100B95F79 /* CafeMenuCell.swift in Sources */,
				F2BA62E82598DE5F00A49020 /* Milkyway.xcdatamodeld in Sources */,
				F215A21825ACDA6E00FB7D86 /* String+Extensions.swift in Sources */,
				6B4086D025AC2B4E00D6894E /* HomeService.swift in Sources */,
				F2242A54259C4A9B00455604 /* MyUniverseVC.swift in Sources */,
				F2242A1B259BAC8200455604 /* TabBarController.swift in Sources */,
				F2688C2D25AB748A0032C054 /* AddSearchVC.swift in Sources */,
				D15443F625A33ACF007773BF /* CafeNameSearchCell.swift in Sources */,
				6B869C0225A0B95E0068BFD2 /* InfoModifyReqVC.swift in Sources */,
				6BF6DA6E25A57DF5001CDB9A /* CardState.swift in Sources */,
				F2485EA825A8E60A003E3895 /* UniverseCardVC.swift in Sources */,
				F2BA63142598E56B00A49020 /* UIView+Extension.swift in Sources */,
				6B869C4425A1E8E00068BFD2 /* DeletePlaceConfirmVC.swift in Sources */,
				6B869C0E25A0CBF70068BFD2 /* ModifyConfirmVC.swift in Sources */,
				D1CA107D25AA09DB004E42DC /* DetailCafeService.swift in Sources */,
				D1F22850259F74810018C472 /* MyReportMainVC.swift in Sources */,
				F2BA62DE2598DE5F00A49020 /* AppDelegate.swift in Sources */,
				F2C0642225A8BCD100BDD16D /* UserService.swift in Sources */,
				F2242A24259BAFFC00455604 /* HomeVC.swift in Sources */,
				6B92F8E225AB82A50050EEEC /* CafeCardVC.swift in Sources */,
				F2138D5425AC4B2A00736CAA /* SettingTVCell.swift in Sources */,
				F240771725A731EB008B691B /* SplashVC.swift in Sources */,
				F215A21525ACD77000FB7D86 /* SearchCafeService.swift in Sources */,
				F2BA630A2598E4D400A49020 /* UIViewController+Extension.swift in Sources */,
				D1983CA725A72BF200C74CED /* UITextField+Extension.swift in Sources */,
				F26BEB6425A63BB900B7AFCF /* AddSearchTVC.swift in Sources */,
				6B869C0B25A0BF9C0068BFD2 /* ModifyVC.swift in Sources */,
				6B27B9A425A7228C00E14799 /* CanceledTVCell.swift in Sources */,
				F2C0641425A8BA7000BDD16D /* ResponseResult.swift in Sources */,
				F2BA63302598E80000A49020 /* UIColor+Extension.swift in Sources */,
				F2485E7B25A8C8E0003E3895 /* Token.swift in Sources */,
				F21384B625A1E8360016E766 /* SearchTVC.swift in Sources */,
				D1D95DD325A30B9700B95F79 /* CafeBasicCell.swift in Sources */,
				D175DABC25ACCD5400665678 /* UniverseService.swift in Sources */,
				D175DA8D25AB863900665678 /* ReportCafeService.swift in Sources */,
				D1CA107725AA06E6004E42DC /* PostCafeModel.swift in Sources */,
				F2BA632D2598E7DE00A49020 /* UITabbar+Extension.swift in Sources */,
				F2DCC2A525A7908A00AAE5EF /* APIConstants.swift in Sources */,
				6B96A13625A9C809004E529D /* CancelReasonVC.swift in Sources */,
				D175DA8025AB51C700665678 /* BottomTVC.swift in Sources */,
				D15443FF25A33AF9007773BF /* CafeNameResultCell.swift in Sources */,
				D175DA9925AC412200665678 /* UniversePopUpVC.swift in Sources */,
				F2242A3B259BB2CF00455604 /* SettingVC.swift in Sources */,
				F2BA62E02598DE5F00A49020 /* SceneDelegate.swift in Sources */,
				F2BA63292598E74E00A49020 /* Font.swift in Sources */,
				D1F2284A259F745F0018C472 /* CafeReportMainVC.swift in Sources */,
				F2F6123425A61C47008B65DF /* SearchResultVC.swift in Sources */,
				F2BA630E2598E52600A49020 /* UITextView+Extension.swift in Sources */,
				F2242A47259BC22F00455604 /* LoginVC.swift in Sources */,
				6B869C5025A2F9960068BFD2 /* CardVC.swift in Sources */,
				D1996E0425A2290500B8F40B /* DetailCafeMenuVC.swift in Sources */,
				D11AB9CA25A5BC0600C1927E /* MenuPlusVC.swift in Sources */,
				6BF6DAA525A6084E001CDB9A /* paddingLabel.swift in Sources */,
				F2BA63112598E55000A49020 /* UIButton+Extension.swift in Sources */,
				6B27B99D25A6C5B900E14799 /* RectangleCVCell.swift in Sources */,
				F2C0642525A8BDBF00BDD16D /* NetworkResult.swift in Sources */,
				F2BA63172598E58A00A49020 /* Date+Extension.swift in Sources */,
				D175DA5B25AAE5C600665678 /* UniverseBottomVC.swift in Sources */,
				F2242A63259C78FD00455604 /* LoginNaviController.swift in Sources */,
				D1D95DD825A30BA600B95F79 /* CafeHoneyCell.swift in Sources */,
				D11ABA5025A64F3B00C1927E /* ToastView.swift in Sources */,
				6B869C1425A1CD220068BFD2 /* DeletePlaceVC.swift in Sources */,
				6B27B9AA25A7240800E14799 /* InProgressTVCell.swift in Sources */,
			);
			runOnlyForDeploymentPostprocessing = 0;
		};
/* End PBXSourcesBuildPhase section */

/* Begin PBXVariantGroup section */
		F2BA62EB2598DE6400A49020 /* LaunchScreen.storyboard */ = {
			isa = PBXVariantGroup;
			children = (
				F2BA62EC2598DE6400A49020 /* Base */,
			);
			name = LaunchScreen.storyboard;
			sourceTree = "<group>";
		};
/* End PBXVariantGroup section */

/* Begin XCBuildConfiguration section */
		F2BA62EF2598DE6400A49020 /* Debug */ = {
			isa = XCBuildConfiguration;
			buildSettings = {
				ALWAYS_SEARCH_USER_PATHS = NO;
				CLANG_ANALYZER_NONNULL = YES;
				CLANG_ANALYZER_NUMBER_OBJECT_CONVERSION = YES_AGGRESSIVE;
				CLANG_CXX_LANGUAGE_STANDARD = "gnu++14";
				CLANG_CXX_LIBRARY = "libc++";
				CLANG_ENABLE_MODULES = YES;
				CLANG_ENABLE_OBJC_ARC = YES;
				CLANG_ENABLE_OBJC_WEAK = YES;
				CLANG_WARN_BLOCK_CAPTURE_AUTORELEASING = YES;
				CLANG_WARN_BOOL_CONVERSION = YES;
				CLANG_WARN_COMMA = YES;
				CLANG_WARN_CONSTANT_CONVERSION = YES;
				CLANG_WARN_DEPRECATED_OBJC_IMPLEMENTATIONS = YES;
				CLANG_WARN_DIRECT_OBJC_ISA_USAGE = YES_ERROR;
				CLANG_WARN_DOCUMENTATION_COMMENTS = YES;
				CLANG_WARN_EMPTY_BODY = YES;
				CLANG_WARN_ENUM_CONVERSION = YES;
				CLANG_WARN_INFINITE_RECURSION = YES;
				CLANG_WARN_INT_CONVERSION = YES;
				CLANG_WARN_NON_LITERAL_NULL_CONVERSION = YES;
				CLANG_WARN_OBJC_IMPLICIT_RETAIN_SELF = YES;
				CLANG_WARN_OBJC_LITERAL_CONVERSION = YES;
				CLANG_WARN_OBJC_ROOT_CLASS = YES_ERROR;
				CLANG_WARN_QUOTED_INCLUDE_IN_FRAMEWORK_HEADER = YES;
				CLANG_WARN_RANGE_LOOP_ANALYSIS = YES;
				CLANG_WARN_STRICT_PROTOTYPES = YES;
				CLANG_WARN_SUSPICIOUS_MOVE = YES;
				CLANG_WARN_UNGUARDED_AVAILABILITY = YES_AGGRESSIVE;
				CLANG_WARN_UNREACHABLE_CODE = YES;
				CLANG_WARN__DUPLICATE_METHOD_MATCH = YES;
				COPY_PHASE_STRIP = NO;
				DEBUG_INFORMATION_FORMAT = dwarf;
				ENABLE_STRICT_OBJC_MSGSEND = YES;
				ENABLE_TESTABILITY = YES;
				GCC_C_LANGUAGE_STANDARD = gnu11;
				GCC_DYNAMIC_NO_PIC = NO;
				GCC_NO_COMMON_BLOCKS = YES;
				GCC_OPTIMIZATION_LEVEL = 0;
				GCC_PREPROCESSOR_DEFINITIONS = (
					"DEBUG=1",
					"$(inherited)",
				);
				GCC_WARN_64_TO_32_BIT_CONVERSION = YES;
				GCC_WARN_ABOUT_RETURN_TYPE = YES_ERROR;
				GCC_WARN_UNDECLARED_SELECTOR = YES;
				GCC_WARN_UNINITIALIZED_AUTOS = YES_AGGRESSIVE;
				GCC_WARN_UNUSED_FUNCTION = YES;
				GCC_WARN_UNUSED_VARIABLE = YES;
				IPHONEOS_DEPLOYMENT_TARGET = 14.3;
				MTL_ENABLE_DEBUG_INFO = INCLUDE_SOURCE;
				MTL_FAST_MATH = YES;
				ONLY_ACTIVE_ARCH = YES;
				SDKROOT = iphoneos;
				SWIFT_ACTIVE_COMPILATION_CONDITIONS = DEBUG;
				SWIFT_OPTIMIZATION_LEVEL = "-Onone";
			};
			name = Debug;
		};
		F2BA62F02598DE6400A49020 /* Release */ = {
			isa = XCBuildConfiguration;
			buildSettings = {
				ALWAYS_SEARCH_USER_PATHS = NO;
				CLANG_ANALYZER_NONNULL = YES;
				CLANG_ANALYZER_NUMBER_OBJECT_CONVERSION = YES_AGGRESSIVE;
				CLANG_CXX_LANGUAGE_STANDARD = "gnu++14";
				CLANG_CXX_LIBRARY = "libc++";
				CLANG_ENABLE_MODULES = YES;
				CLANG_ENABLE_OBJC_ARC = YES;
				CLANG_ENABLE_OBJC_WEAK = YES;
				CLANG_WARN_BLOCK_CAPTURE_AUTORELEASING = YES;
				CLANG_WARN_BOOL_CONVERSION = YES;
				CLANG_WARN_COMMA = YES;
				CLANG_WARN_CONSTANT_CONVERSION = YES;
				CLANG_WARN_DEPRECATED_OBJC_IMPLEMENTATIONS = YES;
				CLANG_WARN_DIRECT_OBJC_ISA_USAGE = YES_ERROR;
				CLANG_WARN_DOCUMENTATION_COMMENTS = YES;
				CLANG_WARN_EMPTY_BODY = YES;
				CLANG_WARN_ENUM_CONVERSION = YES;
				CLANG_WARN_INFINITE_RECURSION = YES;
				CLANG_WARN_INT_CONVERSION = YES;
				CLANG_WARN_NON_LITERAL_NULL_CONVERSION = YES;
				CLANG_WARN_OBJC_IMPLICIT_RETAIN_SELF = YES;
				CLANG_WARN_OBJC_LITERAL_CONVERSION = YES;
				CLANG_WARN_OBJC_ROOT_CLASS = YES_ERROR;
				CLANG_WARN_QUOTED_INCLUDE_IN_FRAMEWORK_HEADER = YES;
				CLANG_WARN_RANGE_LOOP_ANALYSIS = YES;
				CLANG_WARN_STRICT_PROTOTYPES = YES;
				CLANG_WARN_SUSPICIOUS_MOVE = YES;
				CLANG_WARN_UNGUARDED_AVAILABILITY = YES_AGGRESSIVE;
				CLANG_WARN_UNREACHABLE_CODE = YES;
				CLANG_WARN__DUPLICATE_METHOD_MATCH = YES;
				COPY_PHASE_STRIP = NO;
				DEBUG_INFORMATION_FORMAT = "dwarf-with-dsym";
				ENABLE_NS_ASSERTIONS = NO;
				ENABLE_STRICT_OBJC_MSGSEND = YES;
				GCC_C_LANGUAGE_STANDARD = gnu11;
				GCC_NO_COMMON_BLOCKS = YES;
				GCC_WARN_64_TO_32_BIT_CONVERSION = YES;
				GCC_WARN_ABOUT_RETURN_TYPE = YES_ERROR;
				GCC_WARN_UNDECLARED_SELECTOR = YES;
				GCC_WARN_UNINITIALIZED_AUTOS = YES_AGGRESSIVE;
				GCC_WARN_UNUSED_FUNCTION = YES;
				GCC_WARN_UNUSED_VARIABLE = YES;
				IPHONEOS_DEPLOYMENT_TARGET = 14.3;
				MTL_ENABLE_DEBUG_INFO = NO;
				MTL_FAST_MATH = YES;
				SDKROOT = iphoneos;
				SWIFT_COMPILATION_MODE = wholemodule;
				SWIFT_OPTIMIZATION_LEVEL = "-O";
				VALIDATE_PRODUCT = YES;
			};
			name = Release;
		};
		F2BA62F22598DE6400A49020 /* Debug */ = {
			isa = XCBuildConfiguration;
			baseConfigurationReference = B6E7AC1233665DEC2C3D21DC /* Pods-Milkyway.debug.xcconfig */;
			buildSettings = {
				ASSETCATALOG_COMPILER_APPICON_NAME = AppIcon;
				ASSETCATALOG_COMPILER_GLOBAL_ACCENT_COLOR_NAME = AccentColor;
				CODE_SIGN_STYLE = Automatic;
				DEVELOPMENT_TEAM = QPUG3J4E4B;
				INFOPLIST_FILE = "Milkyway/Global/Supporting Files/Info.plist";
				IPHONEOS_DEPLOYMENT_TARGET = 13.0;
				LD_RUNPATH_SEARCH_PATHS = (
					"$(inherited)",
					"@executable_path/Frameworks",
				);
				PRODUCT_BUNDLE_IDENTIFIER = com.milkys.Milkyway;
				PRODUCT_NAME = "$(TARGET_NAME)";
				SWIFT_VERSION = 5.0;
				TARGETED_DEVICE_FAMILY = 1;
			};
			name = Debug;
		};
		F2BA62F32598DE6400A49020 /* Release */ = {
			isa = XCBuildConfiguration;
			baseConfigurationReference = 82A4CFBF130A68D0DC76260E /* Pods-Milkyway.release.xcconfig */;
			buildSettings = {
				ASSETCATALOG_COMPILER_APPICON_NAME = AppIcon;
				ASSETCATALOG_COMPILER_GLOBAL_ACCENT_COLOR_NAME = AccentColor;
				CODE_SIGN_STYLE = Automatic;
				DEVELOPMENT_TEAM = 269D672VZ4;
				INFOPLIST_FILE = "Milkyway/Global/Supporting Files/Info.plist";
				IPHONEOS_DEPLOYMENT_TARGET = 13.0;
				LD_RUNPATH_SEARCH_PATHS = (
					"$(inherited)",
					"@executable_path/Frameworks",
				);
				PRODUCT_BUNDLE_IDENTIFIER = com.milkys.Milkyway;
				PRODUCT_NAME = "$(TARGET_NAME)";
				SWIFT_VERSION = 5.0;
				TARGETED_DEVICE_FAMILY = 1;
			};
			name = Release;
		};
/* End XCBuildConfiguration section */

/* Begin XCConfigurationList section */
		F2BA62D52598DE5F00A49020 /* Build configuration list for PBXProject "Milkyway" */ = {
			isa = XCConfigurationList;
			buildConfigurations = (
				F2BA62EF2598DE6400A49020 /* Debug */,
				F2BA62F02598DE6400A49020 /* Release */,
			);
			defaultConfigurationIsVisible = 0;
			defaultConfigurationName = Release;
		};
		F2BA62F12598DE6400A49020 /* Build configuration list for PBXNativeTarget "Milkyway" */ = {
			isa = XCConfigurationList;
			buildConfigurations = (
				F2BA62F22598DE6400A49020 /* Debug */,
				F2BA62F32598DE6400A49020 /* Release */,
			);
			defaultConfigurationIsVisible = 0;
			defaultConfigurationName = Release;
		};
/* End XCConfigurationList section */

/* Begin XCRemoteSwiftPackageReference section */
		F2BA62FC2598E31800A49020 /* XCRemoteSwiftPackageReference "Alamofire" */ = {
			isa = XCRemoteSwiftPackageReference;
			repositoryURL = "https://github.com/Alamofire/Alamofire";
			requirement = {
				kind = upToNextMajorVersion;
				minimumVersion = 5.2.0;
			};
		};
		F2BA63002598E3A500A49020 /* XCRemoteSwiftPackageReference "Kingfisher" */ = {
			isa = XCRemoteSwiftPackageReference;
			repositoryURL = "https://github.com/onevcat/Kingfisher";
			requirement = {
				kind = upToNextMinorVersion;
				minimumVersion = 5.15.8;
			};
		};
		F2BA63042598E42200A49020 /* XCRemoteSwiftPackageReference "SwiftyJSON" */ = {
			isa = XCRemoteSwiftPackageReference;
			repositoryURL = "https://github.com/SwiftyJSON/SwiftyJSON";
			requirement = {
				kind = upToNextMinorVersion;
				minimumVersion = 5.0.0;
			};
		};
		F2BA631C2598E66F00A49020 /* XCRemoteSwiftPackageReference "SnapKit" */ = {
			isa = XCRemoteSwiftPackageReference;
			repositoryURL = "https://github.com/SnapKit/SnapKit";
			requirement = {
				kind = upToNextMinorVersion;
				minimumVersion = 5.0.0;
			};
		};
		F2BA63202598E6BA00A49020 /* XCRemoteSwiftPackageReference "Then" */ = {
			isa = XCRemoteSwiftPackageReference;
			repositoryURL = "https://github.com/devxoul/Then";
			requirement = {
				kind = upToNextMajorVersion;
				minimumVersion = 2.7.0;
			};
		};
/* End XCRemoteSwiftPackageReference section */

/* Begin XCSwiftPackageProductDependency section */
		F2BA62FD2598E31800A49020 /* Alamofire */ = {
			isa = XCSwiftPackageProductDependency;
			package = F2BA62FC2598E31800A49020 /* XCRemoteSwiftPackageReference "Alamofire" */;
			productName = Alamofire;
		};
		F2BA63012598E3A500A49020 /* Kingfisher */ = {
			isa = XCSwiftPackageProductDependency;
			package = F2BA63002598E3A500A49020 /* XCRemoteSwiftPackageReference "Kingfisher" */;
			productName = Kingfisher;
		};
		F2BA63052598E42200A49020 /* SwiftyJSON */ = {
			isa = XCSwiftPackageProductDependency;
			package = F2BA63042598E42200A49020 /* XCRemoteSwiftPackageReference "SwiftyJSON" */;
			productName = SwiftyJSON;
		};
		F2BA631D2598E66F00A49020 /* SnapKit */ = {
			isa = XCSwiftPackageProductDependency;
			package = F2BA631C2598E66F00A49020 /* XCRemoteSwiftPackageReference "SnapKit" */;
			productName = SnapKit;
		};
		F2BA63212598E6BA00A49020 /* Then */ = {
			isa = XCSwiftPackageProductDependency;
			package = F2BA63202598E6BA00A49020 /* XCRemoteSwiftPackageReference "Then" */;
			productName = Then;
		};
/* End XCSwiftPackageProductDependency section */

/* Begin XCVersionGroup section */
		F2BA62E62598DE5F00A49020 /* Milkyway.xcdatamodeld */ = {
			isa = XCVersionGroup;
			children = (
				F2BA62E72598DE5F00A49020 /* Milkyway.xcdatamodel */,
			);
			currentVersion = F2BA62E72598DE5F00A49020 /* Milkyway.xcdatamodel */;
			path = Milkyway.xcdatamodeld;
			sourceTree = "<group>";
			versionGroupType = wrapper.xcdatamodel;
		};
/* End XCVersionGroup section */
	};
	rootObject = F2BA62D22598DE5F00A49020 /* Project object */;
}
